// !$*UTF8*$!
{
	archiveVersion = 1;
	classes = {
	};
	objectVersion = 55;
	objects = {

/* Begin PBXBuildFile section */
		009B7E159EA398D90AECF3AA /* AssetKit.framework in Embed Frameworks */ = {isa = PBXBuildFile; fileRef = CAB5DC2F5DEEA73A86D8CA8C /* AssetKit.framework */; settings = {ATTRIBUTES = (CodeSignOnCopy, RemoveHeadersOnCopy, ); }; };
		06C8FD1BBA1088C13638E4DB /* FeatureViewer.swift in Sources */ = {isa = PBXBuildFile; fileRef = 3E149EF1C5CC59CF65871E3A /* FeatureViewer.swift */; };
		0813CB5185C624050D3E72A5 /* CapsuleUI.framework in Frameworks */ = {isa = PBXBuildFile; fileRef = 7E5932DC6C26879322C457F9 /* CapsuleUI.framework */; };
		0DF4976FD430975AB02DA536 /* FeatureAlbums.framework in Embed Frameworks */ = {isa = PBXBuildFile; fileRef = D7F165647C289CF8FCC00E0E /* FeatureAlbums.framework */; settings = {ATTRIBUTES = (CodeSignOnCopy, RemoveHeadersOnCopy, ); }; };
		0E6119967DF8EE618694DA5D /* TimelineRootView.swift in Sources */ = {isa = PBXBuildFile; fileRef = CF168E7D6BEC6DE78DC6BB0B /* TimelineRootView.swift */; };
		18E3DD3CA68E0E914F713696 /* FeatureSearch.framework in Frameworks */ = {isa = PBXBuildFile; fileRef = 867A62DDCD716FEADA7711BB /* FeatureSearch.framework */; };
		18E756DCE4F5C7372AE4FBC7 /* ImagePipeline.swift in Sources */ = {isa = PBXBuildFile; fileRef = 33965F1EDFEC1287CE8D7BCF /* ImagePipeline.swift */; };
		1B3FB619108A3A0A07FD6211 /* FeatureViewer.framework in Embed Frameworks */ = {isa = PBXBuildFile; fileRef = D5CADA2635E46AAD3A33F722 /* FeatureViewer.framework */; settings = {ATTRIBUTES = (CodeSignOnCopy, RemoveHeadersOnCopy, ); }; };
		1C91A53E1BBE6DF1AEF03078 /* FeatureAlbums.framework in Frameworks */ = {isa = PBXBuildFile; fileRef = D7F165647C289CF8FCC00E0E /* FeatureAlbums.framework */; };
		1FFCD514C168CB29D565E427 /* CatalogService.swift in Sources */ = {isa = PBXBuildFile; fileRef = 3F69017892FA60E7C18EE05F /* CatalogService.swift */; };
		20DB8F45EEAFE49A8B005214 /* ImagePipeline.framework in Embed Frameworks */ = {isa = PBXBuildFile; fileRef = 91CD396DDC675C0831C155F5 /* ImagePipeline.framework */; settings = {ATTRIBUTES = (CodeSignOnCopy, RemoveHeadersOnCopy, ); }; };
		23A760281D87DD76B7582E3A /* AssetID.swift in Sources */ = {isa = PBXBuildFile; fileRef = 81084506122203FC12A684A8 /* AssetID.swift */; };
		293995ADADF273A8FF6324C2 /* Log.swift in Sources */ = {isa = PBXBuildFile; fileRef = A4676759A74ED8D0E8363C9C /* Log.swift */; };
		2F6A12577FF47472B0683F07 /* AssetKit.framework in Frameworks */ = {isa = PBXBuildFile; fileRef = CAB5DC2F5DEEA73A86D8CA8C /* AssetKit.framework */; };
		38CD33FA8741F4CB1F50DC7D /* ImagePipeline.framework in Frameworks */ = {isa = PBXBuildFile; fileRef = 91CD396DDC675C0831C155F5 /* ImagePipeline.framework */; };
		394CD96920087C269239E825 /* CapsuleApp.swift in Sources */ = {isa = PBXBuildFile; fileRef = 5D78DD10A97AB6ADC59EEF91 /* CapsuleApp.swift */; };
		3AE8B5027E43D6A1EC066C38 /* CapsuleFoundation.framework in Frameworks */ = {isa = PBXBuildFile; fileRef = C7949364D9BB74523DC7B2D9 /* CapsuleFoundation.framework */; };
		3C089C35CB44F04509C38958 /* ImagePipeline.framework in Frameworks */ = {isa = PBXBuildFile; fileRef = 91CD396DDC675C0831C155F5 /* ImagePipeline.framework */; };
		3EEB32A022F2D324F2F33AEA /* SearchRootView.swift in Sources */ = {isa = PBXBuildFile; fileRef = 3684962AAC4F1B105C15431D /* SearchRootView.swift */; };
		3FF6EBAD053B1BF720E5CC90 /* ManagedStore.swift in Sources */ = {isa = PBXBuildFile; fileRef = 5E14523933A3DBE7B019C0C7 /* ManagedStore.swift */; };
		52D012C07FDA9345C2A45BE9 /* CapsuleCoreFFI.xcframework in Frameworks */ = {isa = PBXBuildFile; fileRef = AC966FE35E5AF58E4EC334DB /* CapsuleCoreFFI.xcframework */; };
		54DBE76B19CB67E3D46CD469 /* FeatureViewer.framework in Frameworks */ = {isa = PBXBuildFile; fileRef = D5CADA2635E46AAD3A33F722 /* FeatureViewer.framework */; };
		56DA3CE10966D1B1E8CC4FD3 /* capsule_core_ffi.swift in Sources */ = {isa = PBXBuildFile; fileRef = 4EA74BA30A3D65D54402F4EE /* capsule_core_ffi.swift */; };
		5D8EB9318B0A6133C6A35563 /* ManagedStore.framework in Embed Frameworks */ = {isa = PBXBuildFile; fileRef = 4780CC9B9F988A63058B6E06 /* ManagedStore.framework */; settings = {ATTRIBUTES = (CodeSignOnCopy, RemoveHeadersOnCopy, ); }; };
		5D99FCB4F60B89D986B5A0BF /* AssetKit.framework in Frameworks */ = {isa = PBXBuildFile; fileRef = CAB5DC2F5DEEA73A86D8CA8C /* AssetKit.framework */; };
		6E4225810C22F8879E888EED /* AssetKit.framework in Frameworks */ = {isa = PBXBuildFile; fileRef = CAB5DC2F5DEEA73A86D8CA8C /* AssetKit.framework */; };
		714A4BDFB6360BF180F6B621 /* AssetKit.framework in Frameworks */ = {isa = PBXBuildFile; fileRef = CAB5DC2F5DEEA73A86D8CA8C /* AssetKit.framework */; };
		731B895F229FE1ACBC2C158A /* CapsuleUI.framework in Frameworks */ = {isa = PBXBuildFile; fileRef = 7E5932DC6C26879322C457F9 /* CapsuleUI.framework */; };
		78F298D3CD2A5959C2D7A95F /* MediaType.swift in Sources */ = {isa = PBXBuildFile; fileRef = 9428E8B0F18657315F6918FA /* MediaType.swift */; };
		84EB5DC99C1606AF27EEED8A /* CapsuleUI.framework in Embed Frameworks */ = {isa = PBXBuildFile; fileRef = 7E5932DC6C26879322C457F9 /* CapsuleUI.framework */; settings = {ATTRIBUTES = (CodeSignOnCopy, RemoveHeadersOnCopy, ); }; };
		8632328C623A7DAF8C1F82AF /* ImagePipeline.framework in Frameworks */ = {isa = PBXBuildFile; fileRef = 91CD396DDC675C0831C155F5 /* ImagePipeline.framework */; };
		8CBE46745B089F5F4834D092 /* FeatureTimeline.framework in Embed Frameworks */ = {isa = PBXBuildFile; fileRef = 8D474ABD393399D15F0E5A17 /* FeatureTimeline.framework */; settings = {ATTRIBUTES = (CodeSignOnCopy, RemoveHeadersOnCopy, ); }; };
		8DA686F7690A880600AE41AC /* PlaceholderView.swift in Sources */ = {isa = PBXBuildFile; fileRef = 5FE31A4484BB57B9F5C9316D /* PlaceholderView.swift */; };
		8EE1205762FDF23617162A8A /* ManagedStore.framework in Frameworks */ = {isa = PBXBuildFile; fileRef = 4780CC9B9F988A63058B6E06 /* ManagedStore.framework */; };
		903E51A19C7D7D812C796B32 /* CapsuleUI.framework in Frameworks */ = {isa = PBXBuildFile; fileRef = 7E5932DC6C26879322C457F9 /* CapsuleUI.framework */; };
		95C981942AD609FBB61C2681 /* AssetKit.framework in Frameworks */ = {isa = PBXBuildFile; fileRef = CAB5DC2F5DEEA73A86D8CA8C /* AssetKit.framework */; };
		95E3A8E26834E0D7F2A03B01 /* CapsuleCatalog.framework in Frameworks */ = {isa = PBXBuildFile; fileRef = 01DC31A9CBAAC0A2C2C377CD /* CapsuleCatalog.framework */; };
		99051DDABB1B9A845FF84238 /* AssetKit.swift in Sources */ = {isa = PBXBuildFile; fileRef = A8679492EB5D254AD350E1C3 /* AssetKit.swift */; };
		9A895AF18F2F13358880C088 /* CapsuleUI.framework in Frameworks */ = {isa = PBXBuildFile; fileRef = 7E5932DC6C26879322C457F9 /* CapsuleUI.framework */; };
		9FF1DBCD7B92978BD7F91ED9 /* CapsuleFoundation.framework in Frameworks */ = {isa = PBXBuildFile; fileRef = C7949364D9BB74523DC7B2D9 /* CapsuleFoundation.framework */; };
		A737AB381E4B42B607825903 /* AlbumsRootView.swift in Sources */ = {isa = PBXBuildFile; fileRef = C8E465DE78621101A40A2964 /* AlbumsRootView.swift */; };
		AA7DFC7BE86D6B841F493374 /* CapsuleFoundation.framework in Frameworks */ = {isa = PBXBuildFile; fileRef = C7949364D9BB74523DC7B2D9 /* CapsuleFoundation.framework */; };
		ABA4D903D31155A260066675 /* CapsuleCatalog.framework in Embed Frameworks */ = {isa = PBXBuildFile; fileRef = 01DC31A9CBAAC0A2C2C377CD /* CapsuleCatalog.framework */; settings = {ATTRIBUTES = (CodeSignOnCopy, RemoveHeadersOnCopy, ); }; };
		AEC24E7B3DC9668A851582E1 /* CapsuleFoundation.framework in Embed Frameworks */ = {isa = PBXBuildFile; fileRef = C7949364D9BB74523DC7B2D9 /* CapsuleFoundation.framework */; settings = {ATTRIBUTES = (CodeSignOnCopy, RemoveHeadersOnCopy, ); }; };
		B206496F100BF9254F3137BA /* RootView.swift in Sources */ = {isa = PBXBuildFile; fileRef = DC0085885E65983BB45ACAC1 /* RootView.swift */; };
		C976F7A6B1E27BDD07ACD433 /* CapsuleFoundation.framework in Frameworks */ = {isa = PBXBuildFile; fileRef = C7949364D9BB74523DC7B2D9 /* CapsuleFoundation.framework */; };
		C998E451FF492AFDEE9DFBC4 /* FeatureTimeline.framework in Frameworks */ = {isa = PBXBuildFile; fileRef = 8D474ABD393399D15F0E5A17 /* FeatureTimeline.framework */; };
		D314B4090C373067F73F68BD /* AssetKit.framework in Frameworks */ = {isa = PBXBuildFile; fileRef = CAB5DC2F5DEEA73A86D8CA8C /* AssetKit.framework */; };
		D74D8B0C4E867286E27F9793 /* CapsuleFoundation.framework in Frameworks */ = {isa = PBXBuildFile; fileRef = C7949364D9BB74523DC7B2D9 /* CapsuleFoundation.framework */; };
		DC24E5370F1690D122F92757 /* CapsuleUI.framework in Frameworks */ = {isa = PBXBuildFile; fileRef = 7E5932DC6C26879322C457F9 /* CapsuleUI.framework */; };
		EADF05B7B483359BF4BF04D4 /* FeatureSearch.framework in Embed Frameworks */ = {isa = PBXBuildFile; fileRef = 867A62DDCD716FEADA7711BB /* FeatureSearch.framework */; settings = {ATTRIBUTES = (CodeSignOnCopy, RemoveHeadersOnCopy, ); }; };
		F260EA32320D3142883BDBC0 /* CapsuleFoundation.framework in Frameworks */ = {isa = PBXBuildFile; fileRef = C7949364D9BB74523DC7B2D9 /* CapsuleFoundation.framework */; };
/* End PBXBuildFile section */

/* Begin PBXContainerItemProxy section */
		04AB8152CFF6C3105DE1E9BD /* PBXContainerItemProxy */ = {
			isa = PBXContainerItemProxy;
			containerPortal = 3913FA0CE2E8D9AFA6785DDF /* Project object */;
			proxyType = 1;
			remoteGlobalIDString = 1F8292B0E1244CB9E132F7DB;
			remoteInfo = CapsuleFoundation;
		};
		0E7D925BA658ED2915DFAE0B /* PBXContainerItemProxy */ = {
			isa = PBXContainerItemProxy;
			containerPortal = 3913FA0CE2E8D9AFA6785DDF /* Project object */;
			proxyType = 1;
			remoteGlobalIDString = 6879EF5497CD208E68B0C344;
			remoteInfo = FeatureSearch;
		};
		1EBB862A17DE6F2DC32BB01E /* PBXContainerItemProxy */ = {
			isa = PBXContainerItemProxy;
			containerPortal = 3913FA0CE2E8D9AFA6785DDF /* Project object */;
			proxyType = 1;
			remoteGlobalIDString = 8F8FBBFB0DD2747AF89A7517;
			remoteInfo = AssetKit;
		};
		21461526B4EF27441391B47A /* PBXContainerItemProxy */ = {
			isa = PBXContainerItemProxy;
			containerPortal = 3913FA0CE2E8D9AFA6785DDF /* Project object */;
			proxyType = 1;
			remoteGlobalIDString = 72CF8BF044786485A16FA567;
			remoteInfo = CapsuleUI;
		};
		251AEA13EC9486DB8CB046CE /* PBXContainerItemProxy */ = {
			isa = PBXContainerItemProxy;
			containerPortal = 3913FA0CE2E8D9AFA6785DDF /* Project object */;
			proxyType = 1;
			remoteGlobalIDString = 72CF8BF044786485A16FA567;
			remoteInfo = CapsuleUI;
		};
		53B6FCA2A4AD298ACB63221D /* PBXContainerItemProxy */ = {
			isa = PBXContainerItemProxy;
			containerPortal = 3913FA0CE2E8D9AFA6785DDF /* Project object */;
			proxyType = 1;
			remoteGlobalIDString = 1F8292B0E1244CB9E132F7DB;
			remoteInfo = CapsuleFoundation;
		};
		55193D9E73C9C93358C196FA /* PBXContainerItemProxy */ = {
			isa = PBXContainerItemProxy;
			containerPortal = 3913FA0CE2E8D9AFA6785DDF /* Project object */;
			proxyType = 1;
			remoteGlobalIDString = FC0B35F548E5FDC10166F8CB;
			remoteInfo = ImagePipeline;
		};
		5988DDC0E66F11E64882ED96 /* PBXContainerItemProxy */ = {
			isa = PBXContainerItemProxy;
			containerPortal = 3913FA0CE2E8D9AFA6785DDF /* Project object */;
			proxyType = 1;
			remoteGlobalIDString = 1F8292B0E1244CB9E132F7DB;
			remoteInfo = CapsuleFoundation;
		};
		6731E6B2365D91E0E9C8F937 /* PBXContainerItemProxy */ = {
			isa = PBXContainerItemProxy;
			containerPortal = 3913FA0CE2E8D9AFA6785DDF /* Project object */;
			proxyType = 1;
			remoteGlobalIDString = 8F8FBBFB0DD2747AF89A7517;
			remoteInfo = AssetKit;
		};
		7554EB5A6A7BD401411B5DCA /* PBXContainerItemProxy */ = {
			isa = PBXContainerItemProxy;
			containerPortal = 3913FA0CE2E8D9AFA6785DDF /* Project object */;
			proxyType = 1;
			remoteGlobalIDString = 72CF8BF044786485A16FA567;
			remoteInfo = CapsuleUI;
		};
		76988A872D20B4705C9D4435 /* PBXContainerItemProxy */ = {
			isa = PBXContainerItemProxy;
			containerPortal = 3913FA0CE2E8D9AFA6785DDF /* Project object */;
			proxyType = 1;
			remoteGlobalIDString = 72CF8BF044786485A16FA567;
			remoteInfo = CapsuleUI;
		};
		7993045F0446A3CB0DE979A4 /* PBXContainerItemProxy */ = {
			isa = PBXContainerItemProxy;
			containerPortal = 3913FA0CE2E8D9AFA6785DDF /* Project object */;
			proxyType = 1;
			remoteGlobalIDString = B5F443FAF34C0835697CC22F;
			remoteInfo = FeatureTimeline;
		};
		7CBD2B5B07BB47F56B205510 /* PBXContainerItemProxy */ = {
			isa = PBXContainerItemProxy;
			containerPortal = 3913FA0CE2E8D9AFA6785DDF /* Project object */;
			proxyType = 1;
			remoteGlobalIDString = 1F8292B0E1244CB9E132F7DB;
			remoteInfo = CapsuleFoundation;
		};
		95B6D0E50B7668EE169225D6 /* PBXContainerItemProxy */ = {
			isa = PBXContainerItemProxy;
			containerPortal = 3913FA0CE2E8D9AFA6785DDF /* Project object */;
			proxyType = 1;
			remoteGlobalIDString = E94AAD9272B4380AB089B677;
			remoteInfo = FeatureAlbums;
		};
		A52314042A6C074483463FDA /* PBXContainerItemProxy */ = {
			isa = PBXContainerItemProxy;
			containerPortal = 3913FA0CE2E8D9AFA6785DDF /* Project object */;
			proxyType = 1;
			remoteGlobalIDString = 1F8292B0E1244CB9E132F7DB;
			remoteInfo = CapsuleFoundation;
		};
		A7F01E723A45578DB3294D21 /* PBXContainerItemProxy */ = {
			isa = PBXContainerItemProxy;
			containerPortal = 3913FA0CE2E8D9AFA6785DDF /* Project object */;
			proxyType = 1;
			remoteGlobalIDString = FC0B35F548E5FDC10166F8CB;
			remoteInfo = ImagePipeline;
		};
		AACD4C9B4E2FEF3AF40D259E /* PBXContainerItemProxy */ = {
			isa = PBXContainerItemProxy;
			containerPortal = 3913FA0CE2E8D9AFA6785DDF /* Project object */;
			proxyType = 1;
			remoteGlobalIDString = 8F8FBBFB0DD2747AF89A7517;
			remoteInfo = AssetKit;
		};
		BFD283B2BDD3A09B6ACD373B /* PBXContainerItemProxy */ = {
			isa = PBXContainerItemProxy;
			containerPortal = 3913FA0CE2E8D9AFA6785DDF /* Project object */;
			proxyType = 1;
			remoteGlobalIDString = 8F8FBBFB0DD2747AF89A7517;
			remoteInfo = AssetKit;
		};
		C7AE693E3575FCAD0B432238 /* PBXContainerItemProxy */ = {
			isa = PBXContainerItemProxy;
			containerPortal = 3913FA0CE2E8D9AFA6785DDF /* Project object */;
			proxyType = 1;
			remoteGlobalIDString = 5E7C23C9EDB68BA76066649C;
			remoteInfo = ManagedStore;
		};
		CAE463F80A6E67218B60FFB4 /* PBXContainerItemProxy */ = {
			isa = PBXContainerItemProxy;
			containerPortal = 3913FA0CE2E8D9AFA6785DDF /* Project object */;
			proxyType = 1;
			remoteGlobalIDString = D08226440C0BE17E50CC6AC0;
			remoteInfo = CapsuleCatalog;
		};
		D1C26D01C496B6170DB438D3 /* PBXContainerItemProxy */ = {
			isa = PBXContainerItemProxy;
			containerPortal = 3913FA0CE2E8D9AFA6785DDF /* Project object */;
			proxyType = 1;
			remoteGlobalIDString = 1F8292B0E1244CB9E132F7DB;
			remoteInfo = CapsuleFoundation;
		};
		D95042F98DD51EC63C7755AB /* PBXContainerItemProxy */ = {
			isa = PBXContainerItemProxy;
			containerPortal = 3913FA0CE2E8D9AFA6785DDF /* Project object */;
			proxyType = 1;
			remoteGlobalIDString = FC0B35F548E5FDC10166F8CB;
			remoteInfo = ImagePipeline;
		};
		DAAE284E7671C825C07CB15B /* PBXContainerItemProxy */ = {
			isa = PBXContainerItemProxy;
			containerPortal = 3913FA0CE2E8D9AFA6785DDF /* Project object */;
			proxyType = 1;
			remoteGlobalIDString = 8F8FBBFB0DD2747AF89A7517;
			remoteInfo = AssetKit;
		};
		F557B3B879FE17D77C099A19 /* PBXContainerItemProxy */ = {
			isa = PBXContainerItemProxy;
			containerPortal = 3913FA0CE2E8D9AFA6785DDF /* Project object */;
			proxyType = 1;
			remoteGlobalIDString = 8F8FBBFB0DD2747AF89A7517;
			remoteInfo = AssetKit;
		};
		FD188B050C56A1C54B1CEC9A /* PBXContainerItemProxy */ = {
			isa = PBXContainerItemProxy;
			containerPortal = 3913FA0CE2E8D9AFA6785DDF /* Project object */;
			proxyType = 1;
			remoteGlobalIDString = 72CF8BF044786485A16FA567;
			remoteInfo = CapsuleUI;
		};
		FDB7956930B995BAA4546EE0 /* PBXContainerItemProxy */ = {
			isa = PBXContainerItemProxy;
			containerPortal = 3913FA0CE2E8D9AFA6785DDF /* Project object */;
			proxyType = 1;
			remoteGlobalIDString = 59C75A877546B25135D84489;
			remoteInfo = FeatureViewer;
		};
/* End PBXContainerItemProxy section */

/* Begin PBXCopyFilesBuildPhase section */
		2A207A9A467FDF80981E0C1D /* Embed Frameworks */ = {
			isa = PBXCopyFilesBuildPhase;
			buildActionMask = 2147483647;
			dstPath = "";
			dstSubfolderSpec = 10;
			files = (
			);
			name = "Embed Frameworks";
			runOnlyForDeploymentPostprocessing = 0;
		};
		5CAA2B4DF1DEAA193407BC1B /* Embed Frameworks */ = {
			isa = PBXCopyFilesBuildPhase;
			buildActionMask = 2147483647;
			dstPath = "";
			dstSubfolderSpec = 10;
			files = (
			);
			name = "Embed Frameworks";
			runOnlyForDeploymentPostprocessing = 0;
		};
		6CAE6EFB40E06BA9816A249F /* Embed Frameworks */ = {
			isa = PBXCopyFilesBuildPhase;
			buildActionMask = 2147483647;
			dstPath = "";
			dstSubfolderSpec = 10;
			files = (
			);
			name = "Embed Frameworks";
			runOnlyForDeploymentPostprocessing = 0;
		};
		6DBBFB4B55D126BE8B1657C6 /* Embed Frameworks */ = {
			isa = PBXCopyFilesBuildPhase;
			buildActionMask = 2147483647;
			dstPath = "";
			dstSubfolderSpec = 10;
			files = (
			);
			name = "Embed Frameworks";
			runOnlyForDeploymentPostprocessing = 0;
		};
		76631DE4FBC68EC1C1B66742 /* Embed Frameworks */ = {
			isa = PBXCopyFilesBuildPhase;
			buildActionMask = 2147483647;
			dstPath = "";
			dstSubfolderSpec = 10;
			files = (
			);
			name = "Embed Frameworks";
			runOnlyForDeploymentPostprocessing = 0;
		};
		9A19ED5990785E8756EBECCA /* Embed Frameworks */ = {
			isa = PBXCopyFilesBuildPhase;
			buildActionMask = 2147483647;
			dstPath = "";
			dstSubfolderSpec = 10;
			files = (
			);
			name = "Embed Frameworks";
			runOnlyForDeploymentPostprocessing = 0;
		};
		C7254BC5209B03D79BEDDB05 /* Embed Frameworks */ = {
			isa = PBXCopyFilesBuildPhase;
			buildActionMask = 2147483647;
			dstPath = "";
			dstSubfolderSpec = 10;
			files = (
			);
			name = "Embed Frameworks";
			runOnlyForDeploymentPostprocessing = 0;
		};
		D1618DEA345A424BA7F6E913 /* Embed Frameworks */ = {
			isa = PBXCopyFilesBuildPhase;
			buildActionMask = 2147483647;
			dstPath = "";
			dstSubfolderSpec = 10;
			files = (
			);
			name = "Embed Frameworks";
			runOnlyForDeploymentPostprocessing = 0;
		};
		D6CEED4A57B7F69A3636C0AC /* Embed Frameworks */ = {
			isa = PBXCopyFilesBuildPhase;
			buildActionMask = 2147483647;
			dstPath = "";
			dstSubfolderSpec = 10;
			files = (
			);
			name = "Embed Frameworks";
			runOnlyForDeploymentPostprocessing = 0;
		};
		E501F3228C60FB9F55F3BCEE /* Embed Frameworks */ = {
			isa = PBXCopyFilesBuildPhase;
			buildActionMask = 2147483647;
			dstPath = "";
			dstSubfolderSpec = 10;
			files = (
				009B7E159EA398D90AECF3AA /* AssetKit.framework in Embed Frameworks */,
				ABA4D903D31155A260066675 /* CapsuleCatalog.framework in Embed Frameworks */,
				AEC24E7B3DC9668A851582E1 /* CapsuleFoundation.framework in Embed Frameworks */,
				84EB5DC99C1606AF27EEED8A /* CapsuleUI.framework in Embed Frameworks */,
				0DF4976FD430975AB02DA536 /* FeatureAlbums.framework in Embed Frameworks */,
				EADF05B7B483359BF4BF04D4 /* FeatureSearch.framework in Embed Frameworks */,
				8CBE46745B089F5F4834D092 /* FeatureTimeline.framework in Embed Frameworks */,
				1B3FB619108A3A0A07FD6211 /* FeatureViewer.framework in Embed Frameworks */,
				20DB8F45EEAFE49A8B005214 /* ImagePipeline.framework in Embed Frameworks */,
				5D8EB9318B0A6133C6A35563 /* ManagedStore.framework in Embed Frameworks */,
			);
			name = "Embed Frameworks";
			runOnlyForDeploymentPostprocessing = 0;
		};
		F9C7DB8495982607BE504FD0 /* Embed Frameworks */ = {
			isa = PBXCopyFilesBuildPhase;
			buildActionMask = 2147483647;
			dstPath = "";
			dstSubfolderSpec = 10;
			files = (
			);
			name = "Embed Frameworks";
			runOnlyForDeploymentPostprocessing = 0;
		};
/* End PBXCopyFilesBuildPhase section */

/* Begin PBXFileReference section */
		01DC31A9CBAAC0A2C2C377CD /* CapsuleCatalog.framework */ = {isa = PBXFileReference; explicitFileType = wrapper.framework; includeInIndex = 0; path = CapsuleCatalog.framework; sourceTree = BUILT_PRODUCTS_DIR; };
		2BCA3EA4EDBCBD9503FDDA8D /* ManagedStore-Info.plist */ = {isa = PBXFileReference; lastKnownFileType = text.plist; path = "ManagedStore-Info.plist"; sourceTree = "<group>"; };
		2D7DF889E88C2937A9CBD76D /* CapsuleFoundation-Info.plist */ = {isa = PBXFileReference; lastKnownFileType = text.plist; path = "CapsuleFoundation-Info.plist"; sourceTree = "<group>"; };
		33965F1EDFEC1287CE8D7BCF /* ImagePipeline.swift */ = {isa = PBXFileReference; lastKnownFileType = sourcecode.swift; path = ImagePipeline.swift; sourceTree = "<group>"; };
		3684962AAC4F1B105C15431D /* SearchRootView.swift */ = {isa = PBXFileReference; lastKnownFileType = sourcecode.swift; path = SearchRootView.swift; sourceTree = "<group>"; };
		3E149EF1C5CC59CF65871E3A /* FeatureViewer.swift */ = {isa = PBXFileReference; lastKnownFileType = sourcecode.swift; path = FeatureViewer.swift; sourceTree = "<group>"; };
		3F69017892FA60E7C18EE05F /* CatalogService.swift */ = {isa = PBXFileReference; lastKnownFileType = sourcecode.swift; path = CatalogService.swift; sourceTree = "<group>"; };
		4780CC9B9F988A63058B6E06 /* ManagedStore.framework */ = {isa = PBXFileReference; explicitFileType = wrapper.framework; includeInIndex = 0; path = ManagedStore.framework; sourceTree = BUILT_PRODUCTS_DIR; };
		4EA74BA30A3D65D54402F4EE /* capsule_core_ffi.swift */ = {isa = PBXFileReference; lastKnownFileType = sourcecode.swift; path = capsule_core_ffi.swift; sourceTree = "<group>"; };
		5D78DD10A97AB6ADC59EEF91 /* CapsuleApp.swift */ = {isa = PBXFileReference; lastKnownFileType = sourcecode.swift; path = CapsuleApp.swift; sourceTree = "<group>"; };
		5E14523933A3DBE7B019C0C7 /* ManagedStore.swift */ = {isa = PBXFileReference; lastKnownFileType = sourcecode.swift; path = ManagedStore.swift; sourceTree = "<group>"; };
		5E2448E23498D3102978B56A /* Capsule-Info.plist */ = {isa = PBXFileReference; lastKnownFileType = text.plist; path = "Capsule-Info.plist"; sourceTree = "<group>"; };
		5FE31A4484BB57B9F5C9316D /* PlaceholderView.swift */ = {isa = PBXFileReference; lastKnownFileType = sourcecode.swift; path = PlaceholderView.swift; sourceTree = "<group>"; };
		63CE5F5BD41048590C81D5B4 /* Capsule.app */ = {isa = PBXFileReference; explicitFileType = wrapper.application; includeInIndex = 0; path = Capsule.app; sourceTree = BUILT_PRODUCTS_DIR; };
		689981C2FD806B27398F5FC8 /* FeatureViewer-Info.plist */ = {isa = PBXFileReference; lastKnownFileType = text.plist; path = "FeatureViewer-Info.plist"; sourceTree = "<group>"; };
		6B1FD76E22298617E09727F5 /* FeatureAlbums-Info.plist */ = {isa = PBXFileReference; lastKnownFileType = text.plist; path = "FeatureAlbums-Info.plist"; sourceTree = "<group>"; };
		76E00DB17CF69AE01C0AF3A9 /* ImagePipeline-Info.plist */ = {isa = PBXFileReference; lastKnownFileType = text.plist; path = "ImagePipeline-Info.plist"; sourceTree = "<group>"; };
		7E5932DC6C26879322C457F9 /* CapsuleUI.framework */ = {isa = PBXFileReference; explicitFileType = wrapper.framework; includeInIndex = 0; path = CapsuleUI.framework; sourceTree = BUILT_PRODUCTS_DIR; };
		81084506122203FC12A684A8 /* AssetID.swift */ = {isa = PBXFileReference; lastKnownFileType = sourcecode.swift; path = AssetID.swift; sourceTree = "<group>"; };
		8349FDD5050876908F101F35 /* FeatureTimeline-Info.plist */ = {isa = PBXFileReference; lastKnownFileType = text.plist; path = "FeatureTimeline-Info.plist"; sourceTree = "<group>"; };
		867A62DDCD716FEADA7711BB /* FeatureSearch.framework */ = {isa = PBXFileReference; explicitFileType = wrapper.framework; includeInIndex = 0; path = FeatureSearch.framework; sourceTree = BUILT_PRODUCTS_DIR; };
		8D474ABD393399D15F0E5A17 /* FeatureTimeline.framework */ = {isa = PBXFileReference; explicitFileType = wrapper.framework; includeInIndex = 0; path = FeatureTimeline.framework; sourceTree = BUILT_PRODUCTS_DIR; };
		91CD396DDC675C0831C155F5 /* ImagePipeline.framework */ = {isa = PBXFileReference; explicitFileType = wrapper.framework; includeInIndex = 0; path = ImagePipeline.framework; sourceTree = BUILT_PRODUCTS_DIR; };
		9428E8B0F18657315F6918FA /* MediaType.swift */ = {isa = PBXFileReference; lastKnownFileType = sourcecode.swift; path = MediaType.swift; sourceTree = "<group>"; };
		9B08B0F3C893F52BDD84FCE1 /* CapsuleCatalog-Info.plist */ = {isa = PBXFileReference; lastKnownFileType = text.plist; path = "CapsuleCatalog-Info.plist"; sourceTree = "<group>"; };
		9E5BEA10FE037F33A55FA85C /* CapsuleUI-Info.plist */ = {isa = PBXFileReference; lastKnownFileType = text.plist; path = "CapsuleUI-Info.plist"; sourceTree = "<group>"; };
		A4676759A74ED8D0E8363C9C /* Log.swift */ = {isa = PBXFileReference; lastKnownFileType = sourcecode.swift; path = Log.swift; sourceTree = "<group>"; };
		A8679492EB5D254AD350E1C3 /* AssetKit.swift */ = {isa = PBXFileReference; lastKnownFileType = sourcecode.swift; path = AssetKit.swift; sourceTree = "<group>"; };
		AC966FE35E5AF58E4EC334DB /* CapsuleCoreFFI.xcframework */ = {isa = PBXFileReference; lastKnownFileType = wrapper.xcframework; path = CapsuleCoreFFI.xcframework; sourceTree = "<group>"; };
		BD1D5F0CACC10DF28D558FFF /* FeatureSearch-Info.plist */ = {isa = PBXFileReference; lastKnownFileType = text.plist; path = "FeatureSearch-Info.plist"; sourceTree = "<group>"; };
		C7949364D9BB74523DC7B2D9 /* CapsuleFoundation.framework */ = {isa = PBXFileReference; explicitFileType = wrapper.framework; includeInIndex = 0; path = CapsuleFoundation.framework; sourceTree = BUILT_PRODUCTS_DIR; };
		C8E465DE78621101A40A2964 /* AlbumsRootView.swift */ = {isa = PBXFileReference; lastKnownFileType = sourcecode.swift; path = AlbumsRootView.swift; sourceTree = "<group>"; };
		CAB5DC2F5DEEA73A86D8CA8C /* AssetKit.framework */ = {isa = PBXFileReference; explicitFileType = wrapper.framework; includeInIndex = 0; path = AssetKit.framework; sourceTree = BUILT_PRODUCTS_DIR; };
		CF168E7D6BEC6DE78DC6BB0B /* TimelineRootView.swift */ = {isa = PBXFileReference; lastKnownFileType = sourcecode.swift; path = TimelineRootView.swift; sourceTree = "<group>"; };
		D5CADA2635E46AAD3A33F722 /* FeatureViewer.framework */ = {isa = PBXFileReference; explicitFileType = wrapper.framework; includeInIndex = 0; path = FeatureViewer.framework; sourceTree = BUILT_PRODUCTS_DIR; };
		D7F165647C289CF8FCC00E0E /* FeatureAlbums.framework */ = {isa = PBXFileReference; explicitFileType = wrapper.framework; includeInIndex = 0; path = FeatureAlbums.framework; sourceTree = BUILT_PRODUCTS_DIR; };
		DC0085885E65983BB45ACAC1 /* RootView.swift */ = {isa = PBXFileReference; lastKnownFileType = sourcecode.swift; path = RootView.swift; sourceTree = "<group>"; };
		F1926D5C75B5ABB147D166E6 /* AssetKit-Info.plist */ = {isa = PBXFileReference; lastKnownFileType = text.plist; path = "AssetKit-Info.plist"; sourceTree = "<group>"; };
/* End PBXFileReference section */

/* Begin PBXFrameworksBuildPhase section */
		05FF6837B5945511E9A6E08B /* Frameworks */ = {
			isa = PBXFrameworksBuildPhase;
			buildActionMask = 2147483647;
			files = (
				9FF1DBCD7B92978BD7F91ED9 /* CapsuleFoundation.framework in Frameworks */,
				8EE1205762FDF23617162A8A /* ManagedStore.framework in Frameworks */,
			);
			runOnlyForDeploymentPostprocessing = 0;
		};
		06BB09A124EFEBAD8B354AE6 /* Frameworks */ = {
			isa = PBXFrameworksBuildPhase;
			buildActionMask = 2147483647;
			files = (
				D314B4090C373067F73F68BD /* AssetKit.framework in Frameworks */,
				9A895AF18F2F13358880C088 /* CapsuleUI.framework in Frameworks */,
			);
			runOnlyForDeploymentPostprocessing = 0;
		};
		42B4898A2975F5DFD8451339 /* Frameworks */ = {
			isa = PBXFrameworksBuildPhase;
			buildActionMask = 2147483647;
			files = (
				95E3A8E26834E0D7F2A03B01 /* CapsuleCatalog.framework in Frameworks */,
				3AE8B5027E43D6A1EC066C38 /* CapsuleFoundation.framework in Frameworks */,
			);
			runOnlyForDeploymentPostprocessing = 0;
		};
		527477FBB77166655D5F02F7 /* Frameworks */ = {
			isa = PBXFrameworksBuildPhase;
			buildActionMask = 2147483647;
			files = (
				714A4BDFB6360BF180F6B621 /* AssetKit.framework in Frameworks */,
				F260EA32320D3142883BDBC0 /* CapsuleFoundation.framework in Frameworks */,
				38CD33FA8741F4CB1F50DC7D /* ImagePipeline.framework in Frameworks */,
			);
			runOnlyForDeploymentPostprocessing = 0;
		};
		843B00261A843B0612047288 /* Frameworks */ = {
			isa = PBXFrameworksBuildPhase;
			buildActionMask = 2147483647;
			files = (
			);
			runOnlyForDeploymentPostprocessing = 0;
		};
		9A9204FE9501E59129FDEC30 /* Frameworks */ = {
			isa = PBXFrameworksBuildPhase;
			buildActionMask = 2147483647;
			files = (
				6E4225810C22F8879E888EED /* AssetKit.framework in Frameworks */,
				DC24E5370F1690D122F92757 /* CapsuleUI.framework in Frameworks */,
				8632328C623A7DAF8C1F82AF /* ImagePipeline.framework in Frameworks */,
			);
			runOnlyForDeploymentPostprocessing = 0;
		};
		D6EA9DC73A743DD91D6A600C /* Frameworks */ = {
			isa = PBXFrameworksBuildPhase;
			buildActionMask = 2147483647;
			files = (
				2F6A12577FF47472B0683F07 /* AssetKit.framework in Frameworks */,
				0813CB5185C624050D3E72A5 /* CapsuleUI.framework in Frameworks */,
			);
			runOnlyForDeploymentPostprocessing = 0;
		};
		DE119A1EF3B6E7149E627EAA /* Frameworks */ = {
			isa = PBXFrameworksBuildPhase;
			buildActionMask = 2147483647;
			files = (
				95C981942AD609FBB61C2681 /* AssetKit.framework in Frameworks */,
				C976F7A6B1E27BDD07ACD433 /* CapsuleFoundation.framework in Frameworks */,
			);
			runOnlyForDeploymentPostprocessing = 0;
		};
		E2CD4E4F43C836ECCA4427F1 /* Frameworks */ = {
			isa = PBXFrameworksBuildPhase;
			buildActionMask = 2147483647;
			files = (
				AA7DFC7BE86D6B841F493374 /* CapsuleFoundation.framework in Frameworks */,
				731B895F229FE1ACBC2C158A /* CapsuleUI.framework in Frameworks */,
				1C91A53E1BBE6DF1AEF03078 /* FeatureAlbums.framework in Frameworks */,
				18E3DD3CA68E0E914F713696 /* FeatureSearch.framework in Frameworks */,
				C998E451FF492AFDEE9DFBC4 /* FeatureTimeline.framework in Frameworks */,
				54DBE76B19CB67E3D46CD469 /* FeatureViewer.framework in Frameworks */,
			);
			runOnlyForDeploymentPostprocessing = 0;
		};
		F2ADD28D5375C991E6A3410F /* Frameworks */ = {
			isa = PBXFrameworksBuildPhase;
			buildActionMask = 2147483647;
			files = (
				D74D8B0C4E867286E27F9793 /* CapsuleFoundation.framework in Frameworks */,
				52D012C07FDA9345C2A45BE9 /* CapsuleCoreFFI.xcframework in Frameworks */,
			);
			runOnlyForDeploymentPostprocessing = 0;
		};
		FA4176656CFC22DB7FD740A9 /* Frameworks */ = {
			isa = PBXFrameworksBuildPhase;
			buildActionMask = 2147483647;
			files = (
				5D99FCB4F60B89D986B5A0BF /* AssetKit.framework in Frameworks */,
				903E51A19C7D7D812C796B32 /* CapsuleUI.framework in Frameworks */,
				3C089C35CB44F04509C38958 /* ImagePipeline.framework in Frameworks */,
			);
			runOnlyForDeploymentPostprocessing = 0;
		};
/* End PBXFrameworksBuildPhase section */

/* Begin PBXGroup section */
		14A5E42FF19A530B3F7D3BD0 = {
			isa = PBXGroup;
			children = (
				ACF38010C316E08D847AA11C /* Products */,
				E9B62BA7BAE7580AC8FE2044 /* Project */,
			);
			sourceTree = "<group>";
		};
		16642000AD0503F8DC8493A9 /* Sources */ = {
			isa = PBXGroup;
			children = (
				5FE31A4484BB57B9F5C9316D /* PlaceholderView.swift */,
			);
			path = Sources;
			sourceTree = "<group>";
		};
		1B2B16F0F7A8A3F9FCD6E7C9 /* ManagedStore */ = {
			isa = PBXGroup;
			children = (
				96B554D28A2988918F48E868 /* Sources */,
			);
			path = ManagedStore;
			sourceTree = "<group>";
		};
		1EFB95689C2BB40C64D94558 /* FeatureTimeline */ = {
			isa = PBXGroup;
			children = (
				46513D667C2FAE30A438F7F0 /* Sources */,
			);
			path = FeatureTimeline;
			sourceTree = "<group>";
		};
		1FF21B5F3800556A4E45E5E3 /* CapsuleUI */ = {
			isa = PBXGroup;
			children = (
				16642000AD0503F8DC8493A9 /* Sources */,
			);
			path = CapsuleUI;
			sourceTree = "<group>";
		};
		22F6D6FBFE79D8ACE068B21A /* InfoPlists */ = {
			isa = PBXGroup;
			children = (
				F1926D5C75B5ABB147D166E6 /* AssetKit-Info.plist */,
				5E2448E23498D3102978B56A /* Capsule-Info.plist */,
				9B08B0F3C893F52BDD84FCE1 /* CapsuleCatalog-Info.plist */,
				2D7DF889E88C2937A9CBD76D /* CapsuleFoundation-Info.plist */,
				9E5BEA10FE037F33A55FA85C /* CapsuleUI-Info.plist */,
				6B1FD76E22298617E09727F5 /* FeatureAlbums-Info.plist */,
				BD1D5F0CACC10DF28D558FFF /* FeatureSearch-Info.plist */,
				8349FDD5050876908F101F35 /* FeatureTimeline-Info.plist */,
				689981C2FD806B27398F5FC8 /* FeatureViewer-Info.plist */,
				76E00DB17CF69AE01C0AF3A9 /* ImagePipeline-Info.plist */,
				2BCA3EA4EDBCBD9503FDDA8D /* ManagedStore-Info.plist */,
			);
			path = InfoPlists;
			sourceTree = "<group>";
		};
		28E29BE8AB7268C4A22E43A0 /* App */ = {
			isa = PBXGroup;
			children = (
				414BFA280DB986F1D5E4D911 /* iOS */,
			);
			path = App;
			sourceTree = "<group>";
		};
		2BC5C13B14D8D880EC2FDD5B /* FeatureAlbums */ = {
			isa = PBXGroup;
			children = (
				A0025523B45A75545D6E3AFE /* Sources */,
			);
			path = FeatureAlbums;
			sourceTree = "<group>";
		};
		2F41CE15B1AAEECCB033E478 /* CapsuleFoundation */ = {
			isa = PBXGroup;
			children = (
				84213280877F2491E82BBEF7 /* Sources */,
			);
			path = CapsuleFoundation;
			sourceTree = "<group>";
		};
		414BFA280DB986F1D5E4D911 /* iOS */ = {
			isa = PBXGroup;
			children = (
				F51C8287CD703BCC12C5676C /* Sources */,
			);
			path = iOS;
			sourceTree = "<group>";
		};
		46513D667C2FAE30A438F7F0 /* Sources */ = {
			isa = PBXGroup;
			children = (
				CF168E7D6BEC6DE78DC6BB0B /* TimelineRootView.swift */,
			);
			path = Sources;
			sourceTree = "<group>";
		};
		55A7002E1B5156B851249F89 /* AssetKit */ = {
			isa = PBXGroup;
			children = (
				60D964B93B2960027BF96AC5 /* Sources */,
			);
			path = AssetKit;
			sourceTree = "<group>";
		};
		5FD78B58DF97DA683DF98454 /* .ffi */ = {
			isa = PBXGroup;
			children = (
				C4C41D72608F86F23693462C /* generated */,
				AC966FE35E5AF58E4EC334DB /* CapsuleCoreFFI.xcframework */,
			);
			path = .ffi;
			sourceTree = "<group>";
		};
		60D964B93B2960027BF96AC5 /* Sources */ = {
			isa = PBXGroup;
			children = (
				A8679492EB5D254AD350E1C3 /* AssetKit.swift */,
			);
			path = Sources;
			sourceTree = "<group>";
		};
		6E927C58C9EE840D50AF7B86 /* FeatureViewer */ = {
			isa = PBXGroup;
			children = (
				6FAADA96BD6A8EDD4FAEFA7F /* Sources */,
			);
			path = FeatureViewer;
			sourceTree = "<group>";
		};
		6FAADA96BD6A8EDD4FAEFA7F /* Sources */ = {
			isa = PBXGroup;
			children = (
				3E149EF1C5CC59CF65871E3A /* FeatureViewer.swift */,
			);
			path = Sources;
			sourceTree = "<group>";
		};
		796528C1AF377664260BEB2C /* Sources */ = {
			isa = PBXGroup;
			children = (
				3F69017892FA60E7C18EE05F /* CatalogService.swift */,
			);
			path = Sources;
			sourceTree = "<group>";
		};
		84213280877F2491E82BBEF7 /* Sources */ = {
			isa = PBXGroup;
			children = (
				81084506122203FC12A684A8 /* AssetID.swift */,
				A4676759A74ED8D0E8363C9C /* Log.swift */,
				9428E8B0F18657315F6918FA /* MediaType.swift */,
			);
			path = Sources;
			sourceTree = "<group>";
		};
		96B554D28A2988918F48E868 /* Sources */ = {
			isa = PBXGroup;
			children = (
				5E14523933A3DBE7B019C0C7 /* ManagedStore.swift */,
			);
			path = Sources;
			sourceTree = "<group>";
		};
		A0025523B45A75545D6E3AFE /* Sources */ = {
			isa = PBXGroup;
			children = (
				C8E465DE78621101A40A2964 /* AlbumsRootView.swift */,
			);
			path = Sources;
			sourceTree = "<group>";
		};
		A2FB151B3FF24E91391FA378 /* CapsuleCatalog */ = {
			isa = PBXGroup;
			children = (
				796528C1AF377664260BEB2C /* Sources */,
			);
			path = CapsuleCatalog;
			sourceTree = "<group>";
		};
		ACF38010C316E08D847AA11C /* Products */ = {
			isa = PBXGroup;
			children = (
				CAB5DC2F5DEEA73A86D8CA8C /* AssetKit.framework */,
				63CE5F5BD41048590C81D5B4 /* Capsule.app */,
				01DC31A9CBAAC0A2C2C377CD /* CapsuleCatalog.framework */,
				C7949364D9BB74523DC7B2D9 /* CapsuleFoundation.framework */,
				7E5932DC6C26879322C457F9 /* CapsuleUI.framework */,
				D7F165647C289CF8FCC00E0E /* FeatureAlbums.framework */,
				867A62DDCD716FEADA7711BB /* FeatureSearch.framework */,
				8D474ABD393399D15F0E5A17 /* FeatureTimeline.framework */,
				D5CADA2635E46AAD3A33F722 /* FeatureViewer.framework */,
				91CD396DDC675C0831C155F5 /* ImagePipeline.framework */,
				4780CC9B9F988A63058B6E06 /* ManagedStore.framework */,
			);
			name = Products;
			sourceTree = "<group>";
		};
		BCAD92A9D30E7BB96A20A55E /* ImagePipeline */ = {
			isa = PBXGroup;
			children = (
				E4972B0841B85E32CE2CA8EC /* Sources */,
			);
			path = ImagePipeline;
			sourceTree = "<group>";
		};
		C4C41D72608F86F23693462C /* generated */ = {
			isa = PBXGroup;
			children = (
				4EA74BA30A3D65D54402F4EE /* capsule_core_ffi.swift */,
			);
			path = generated;
			sourceTree = "<group>";
		};
		D82384862F3051AE936D0A49 /* Sources */ = {
			isa = PBXGroup;
			children = (
				3684962AAC4F1B105C15431D /* SearchRootView.swift */,
			);
			path = Sources;
			sourceTree = "<group>";
		};
		E24EFFAFC0FBECACEDD0B0EA /* FeatureSearch */ = {
			isa = PBXGroup;
			children = (
				D82384862F3051AE936D0A49 /* Sources */,
			);
			path = FeatureSearch;
			sourceTree = "<group>";
		};
		E2C394ADC268E4CFE1363669 /* Modules */ = {
			isa = PBXGroup;
			children = (
				55A7002E1B5156B851249F89 /* AssetKit */,
				A2FB151B3FF24E91391FA378 /* CapsuleCatalog */,
				2F41CE15B1AAEECCB033E478 /* CapsuleFoundation */,
				1FF21B5F3800556A4E45E5E3 /* CapsuleUI */,
				2BC5C13B14D8D880EC2FDD5B /* FeatureAlbums */,
				E24EFFAFC0FBECACEDD0B0EA /* FeatureSearch */,
				1EFB95689C2BB40C64D94558 /* FeatureTimeline */,
				6E927C58C9EE840D50AF7B86 /* FeatureViewer */,
				BCAD92A9D30E7BB96A20A55E /* ImagePipeline */,
				1B2B16F0F7A8A3F9FCD6E7C9 /* ManagedStore */,
			);
			path = Modules;
			sourceTree = "<group>";
		};
		E4972B0841B85E32CE2CA8EC /* Sources */ = {
			isa = PBXGroup;
			children = (
				33965F1EDFEC1287CE8D7BCF /* ImagePipeline.swift */,
			);
			path = Sources;
			sourceTree = "<group>";
		};
		E9B62BA7BAE7580AC8FE2044 /* Project */ = {
			isa = PBXGroup;
			children = (
				5FD78B58DF97DA683DF98454 /* .ffi */,
				28E29BE8AB7268C4A22E43A0 /* App */,
				FA12AA3FE6CA83D65E6B5DC9 /* Derived */,
				E2C394ADC268E4CFE1363669 /* Modules */,
			);
			name = Project;
			sourceTree = "<group>";
		};
		F51C8287CD703BCC12C5676C /* Sources */ = {
			isa = PBXGroup;
			children = (
				5D78DD10A97AB6ADC59EEF91 /* CapsuleApp.swift */,
				DC0085885E65983BB45ACAC1 /* RootView.swift */,
			);
			path = Sources;
			sourceTree = "<group>";
		};
		FA12AA3FE6CA83D65E6B5DC9 /* Derived */ = {
			isa = PBXGroup;
			children = (
				22F6D6FBFE79D8ACE068B21A /* InfoPlists */,
			);
			path = Derived;
			sourceTree = "<group>";
		};
/* End PBXGroup section */

/* Begin PBXNativeTarget section */
		1F8292B0E1244CB9E132F7DB /* CapsuleFoundation */ = {
			isa = PBXNativeTarget;
			buildConfigurationList = DBFB2CF9855BF3C236FD183D /* Build configuration list for PBXNativeTarget "CapsuleFoundation" */;
			buildPhases = (
				A31FFAC6F0F44AD9459E2C30 /* Sources */,
				D6F604E151744B2C81995EEB /* Resources */,
				843B00261A843B0612047288 /* Frameworks */,
				5CAA2B4DF1DEAA193407BC1B /* Embed Frameworks */,
			);
			buildRules = (
			);
			dependencies = (
			);
			name = CapsuleFoundation;
			packageProductDependencies = (
			);
			productName = CapsuleFoundation;
			productReference = C7949364D9BB74523DC7B2D9 /* CapsuleFoundation.framework */;
			productType = "com.apple.product-type.framework";
		};
		59C75A877546B25135D84489 /* FeatureViewer */ = {
			isa = PBXNativeTarget;
			buildConfigurationList = 6E2737F347FFE96BE7E94FA5 /* Build configuration list for PBXNativeTarget "FeatureViewer" */;
			buildPhases = (
				E400BFD365C556DC661FA097 /* Sources */,
				294F3A1DE8A00BBFF73CC271 /* Resources */,
				FA4176656CFC22DB7FD740A9 /* Frameworks */,
				6DBBFB4B55D126BE8B1657C6 /* Embed Frameworks */,
			);
			buildRules = (
			);
			dependencies = (
				A96BF26A9E72FDC9026042CE /* PBXTargetDependency */,
				E4500CCF029BC436E128CC78 /* PBXTargetDependency */,
				93367770E3B55C11AF9C1DC1 /* PBXTargetDependency */,
			);
			name = FeatureViewer;
			packageProductDependencies = (
			);
			productName = FeatureViewer;
			productReference = D5CADA2635E46AAD3A33F722 /* FeatureViewer.framework */;
			productType = "com.apple.product-type.framework";
		};
		5E7C23C9EDB68BA76066649C /* ManagedStore */ = {
			isa = PBXNativeTarget;
			buildConfigurationList = 4CFE1F2A74EA0BA47700131C /* Build configuration list for PBXNativeTarget "ManagedStore" */;
			buildPhases = (
				BB8849BC662CBC0A07464B53 /* Sources */,
				62E094162623F143DD3B1CEC /* Resources */,
				42B4898A2975F5DFD8451339 /* Frameworks */,
				9A19ED5990785E8756EBECCA /* Embed Frameworks */,
			);
			buildRules = (
			);
			dependencies = (
				EC142AF148442622C50CE0EE /* PBXTargetDependency */,
				DADFF8482AF08D9C8C7C3026 /* PBXTargetDependency */,
			);
			name = ManagedStore;
			packageProductDependencies = (
			);
			productName = ManagedStore;
			productReference = 4780CC9B9F988A63058B6E06 /* ManagedStore.framework */;
			productType = "com.apple.product-type.framework";
		};
		6879EF5497CD208E68B0C344 /* FeatureSearch */ = {
			isa = PBXNativeTarget;
			buildConfigurationList = 6A059854664DC26AC464E28E /* Build configuration list for PBXNativeTarget "FeatureSearch" */;
			buildPhases = (
				9C382DDD09F8C106A1320F5B /* Sources */,
				F392A475EC3D74457E79414D /* Resources */,
				06BB09A124EFEBAD8B354AE6 /* Frameworks */,
				6CAE6EFB40E06BA9816A249F /* Embed Frameworks */,
			);
			buildRules = (
			);
			dependencies = (
				3928CC4108F1F4490D3239CC /* PBXTargetDependency */,
				296A77FEB9426E36D65233E6 /* PBXTargetDependency */,
			);
			name = FeatureSearch;
			packageProductDependencies = (
			);
			productName = FeatureSearch;
			productReference = 867A62DDCD716FEADA7711BB /* FeatureSearch.framework */;
			productType = "com.apple.product-type.framework";
		};
		72CF8BF044786485A16FA567 /* CapsuleUI */ = {
			isa = PBXNativeTarget;
			buildConfigurationList = 486004F1EEA414831A472042 /* Build configuration list for PBXNativeTarget "CapsuleUI" */;
			buildPhases = (
				9B8CAFC378358AD878C614E9 /* Sources */,
				37AF46854AD00B2F380E9DCD /* Resources */,
				527477FBB77166655D5F02F7 /* Frameworks */,
				76631DE4FBC68EC1C1B66742 /* Embed Frameworks */,
			);
			buildRules = (
			);
			dependencies = (
				15D5465A991E891DECA16E53 /* PBXTargetDependency */,
				4E67CA5ECCF9630DB74A11CA /* PBXTargetDependency */,
				D5BBEFF7B54F871C086163D7 /* PBXTargetDependency */,
			);
			name = CapsuleUI;
			packageProductDependencies = (
			);
			productName = CapsuleUI;
			productReference = 7E5932DC6C26879322C457F9 /* CapsuleUI.framework */;
			productType = "com.apple.product-type.framework";
		};
		8F8FBBFB0DD2747AF89A7517 /* AssetKit */ = {
			isa = PBXNativeTarget;
			buildConfigurationList = E62E704E6D68053701B2EBF4 /* Build configuration list for PBXNativeTarget "AssetKit" */;
			buildPhases = (
				2C4761A1A1678BEFB2EC6D1E /* Sources */,
				160948491A17139B5DD766DF /* Resources */,
				05FF6837B5945511E9A6E08B /* Frameworks */,
				F9C7DB8495982607BE504FD0 /* Embed Frameworks */,
			);
			buildRules = (
			);
			dependencies = (
				0B05FF88C35A548DB199017A /* PBXTargetDependency */,
				ECEF2EA41AEA87682255CF5A /* PBXTargetDependency */,
			);
			name = AssetKit;
			packageProductDependencies = (
			);
			productName = AssetKit;
			productReference = CAB5DC2F5DEEA73A86D8CA8C /* AssetKit.framework */;
			productType = "com.apple.product-type.framework";
		};
		B5F443FAF34C0835697CC22F /* FeatureTimeline */ = {
			isa = PBXNativeTarget;
			buildConfigurationList = A252B63C138BB32E4704DC54 /* Build configuration list for PBXNativeTarget "FeatureTimeline" */;
			buildPhases = (
				A0C538A2101C3815DF899736 /* Sources */,
				A2E579AB3BB9AE900F59DC9B /* Resources */,
				9A9204FE9501E59129FDEC30 /* Frameworks */,
				2A207A9A467FDF80981E0C1D /* Embed Frameworks */,
			);
			buildRules = (
			);
			dependencies = (
				54EB0340C12520B4E6FCD2DF /* PBXTargetDependency */,
				CD6827485008D333F5F706B5 /* PBXTargetDependency */,
				52CF6BC4512C15FEBD7E8F20 /* PBXTargetDependency */,
			);
			name = FeatureTimeline;
			packageProductDependencies = (
			);
			productName = FeatureTimeline;
			productReference = 8D474ABD393399D15F0E5A17 /* FeatureTimeline.framework */;
			productType = "com.apple.product-type.framework";
		};
		D08226440C0BE17E50CC6AC0 /* CapsuleCatalog */ = {
			isa = PBXNativeTarget;
			buildConfigurationList = 3B49F8D8896C00468C2B7178 /* Build configuration list for PBXNativeTarget "CapsuleCatalog" */;
			buildPhases = (
				ECB0CD734B38DB29235CECA0 /* Sources */,
				51AB02C2862ED7CFCA53DE67 /* Resources */,
				F2ADD28D5375C991E6A3410F /* Frameworks */,
				C7254BC5209B03D79BEDDB05 /* Embed Frameworks */,
			);
			buildRules = (
			);
			dependencies = (
				919B065313C8D3A3509379A9 /* PBXTargetDependency */,
			);
			name = CapsuleCatalog;
			packageProductDependencies = (
			);
			productName = CapsuleCatalog;
			productReference = 01DC31A9CBAAC0A2C2C377CD /* CapsuleCatalog.framework */;
			productType = "com.apple.product-type.framework";
		};
		D7F7289EA6F8E90A58300198 /* Capsule */ = {
			isa = PBXNativeTarget;
			buildConfigurationList = 893681D481F627C083F3DB9D /* Build configuration list for PBXNativeTarget "Capsule" */;
			buildPhases = (
				039310BAC6F9E4BCC7B15193 /* Sources */,
				7BDF512A5D92D504494C0B22 /* Resources */,
				E2CD4E4F43C836ECCA4427F1 /* Frameworks */,
				E501F3228C60FB9F55F3BCEE /* Embed Frameworks */,
			);
			buildRules = (
			);
			dependencies = (
				D685DE9460634E712248FE20 /* PBXTargetDependency */,
				E909CE39F7B79AAF83286749 /* PBXTargetDependency */,
				B26E5462A881C3CFB584284E /* PBXTargetDependency */,
				2F9920FF9FBCFB8125D5C4B4 /* PBXTargetDependency */,
				F5E3D29F65B8C2829ABE63B4 /* PBXTargetDependency */,
				001A5803E779446296E2BB7B /* PBXTargetDependency */,
			);
			name = Capsule;
			packageProductDependencies = (
			);
			productName = Capsule;
			productReference = 63CE5F5BD41048590C81D5B4 /* Capsule.app */;
			productType = "com.apple.product-type.application";
		};
		E94AAD9272B4380AB089B677 /* FeatureAlbums */ = {
			isa = PBXNativeTarget;
			buildConfigurationList = D89C888E7F63F3DF51E55E97 /* Build configuration list for PBXNativeTarget "FeatureAlbums" */;
			buildPhases = (
				B3C757A395CFA4E2261E884D /* Sources */,
				DB510E9C2EC24AF74EDDA760 /* Resources */,
				D6EA9DC73A743DD91D6A600C /* Frameworks */,
				D6CEED4A57B7F69A3636C0AC /* Embed Frameworks */,
			);
			buildRules = (
			);
			dependencies = (
				ED40A20FD0BA84852A0F01EB /* PBXTargetDependency */,
				60B00EF867FD81EFDA5CAE3E /* PBXTargetDependency */,
			);
			name = FeatureAlbums;
			packageProductDependencies = (
			);
			productName = FeatureAlbums;
			productReference = D7F165647C289CF8FCC00E0E /* FeatureAlbums.framework */;
			productType = "com.apple.product-type.framework";
		};
		FC0B35F548E5FDC10166F8CB /* ImagePipeline */ = {
			isa = PBXNativeTarget;
			buildConfigurationList = F1BDD98429AC7A2132FD3B24 /* Build configuration list for PBXNativeTarget "ImagePipeline" */;
			buildPhases = (
				A08222B8E2D26D2FDE6E8AAC /* Sources */,
				02B7AD0A65FE4B057AD49603 /* Resources */,
				DE119A1EF3B6E7149E627EAA /* Frameworks */,
				D1618DEA345A424BA7F6E913 /* Embed Frameworks */,
			);
			buildRules = (
			);
			dependencies = (
				F2F8BFAB330B3AA80308C726 /* PBXTargetDependency */,
				D5943471DB0979722D4B2A73 /* PBXTargetDependency */,
			);
			name = ImagePipeline;
			packageProductDependencies = (
			);
			productName = ImagePipeline;
			productReference = 91CD396DDC675C0831C155F5 /* ImagePipeline.framework */;
			productType = "com.apple.product-type.framework";
		};
/* End PBXNativeTarget section */

/* Begin PBXProject section */
		3913FA0CE2E8D9AFA6785DDF /* Project object */ = {
			isa = PBXProject;
			attributes = {
				BuildIndependentTargetsInParallel = YES;
				TargetAttributes = {
				};
			};
			buildConfigurationList = 5DC215F2B1439D6B067CE263 /* Build configuration list for PBXProject "Capsule" */;
			compatibilityVersion = "Xcode 14.0";
			developmentRegion = en;
			hasScannedForEncodings = 0;
			knownRegions = (
				Base,
				en,
			);
			mainGroup = 14A5E42FF19A530B3F7D3BD0;
			productRefGroup = ACF38010C316E08D847AA11C /* Products */;
			projectDirPath = "";
			projectRoot = "";
			targets = (
				8F8FBBFB0DD2747AF89A7517 /* AssetKit */,
				D7F7289EA6F8E90A58300198 /* Capsule */,
				D08226440C0BE17E50CC6AC0 /* CapsuleCatalog */,
				1F8292B0E1244CB9E132F7DB /* CapsuleFoundation */,
				72CF8BF044786485A16FA567 /* CapsuleUI */,
				E94AAD9272B4380AB089B677 /* FeatureAlbums */,
				6879EF5497CD208E68B0C344 /* FeatureSearch */,
				B5F443FAF34C0835697CC22F /* FeatureTimeline */,
				59C75A877546B25135D84489 /* FeatureViewer */,
				FC0B35F548E5FDC10166F8CB /* ImagePipeline */,
				5E7C23C9EDB68BA76066649C /* ManagedStore */,
			);
		};
/* End PBXProject section */

/* Begin PBXResourcesBuildPhase section */
		02B7AD0A65FE4B057AD49603 /* Resources */ = {
			isa = PBXResourcesBuildPhase;
			buildActionMask = 2147483647;
			files = (
			);
			runOnlyForDeploymentPostprocessing = 0;
		};
		160948491A17139B5DD766DF /* Resources */ = {
			isa = PBXResourcesBuildPhase;
			buildActionMask = 2147483647;
			files = (
			);
			runOnlyForDeploymentPostprocessing = 0;
		};
		294F3A1DE8A00BBFF73CC271 /* Resources */ = {
			isa = PBXResourcesBuildPhase;
			buildActionMask = 2147483647;
			files = (
			);
			runOnlyForDeploymentPostprocessing = 0;
		};
		37AF46854AD00B2F380E9DCD /* Resources */ = {
			isa = PBXResourcesBuildPhase;
			buildActionMask = 2147483647;
			files = (
			);
			runOnlyForDeploymentPostprocessing = 0;
		};
		51AB02C2862ED7CFCA53DE67 /* Resources */ = {
			isa = PBXResourcesBuildPhase;
			buildActionMask = 2147483647;
			files = (
			);
			runOnlyForDeploymentPostprocessing = 0;
		};
		62E094162623F143DD3B1CEC /* Resources */ = {
			isa = PBXResourcesBuildPhase;
			buildActionMask = 2147483647;
			files = (
			);
			runOnlyForDeploymentPostprocessing = 0;
		};
		7BDF512A5D92D504494C0B22 /* Resources */ = {
			isa = PBXResourcesBuildPhase;
			buildActionMask = 2147483647;
			files = (
			);
			runOnlyForDeploymentPostprocessing = 0;
		};
		A2E579AB3BB9AE900F59DC9B /* Resources */ = {
			isa = PBXResourcesBuildPhase;
			buildActionMask = 2147483647;
			files = (
			);
			runOnlyForDeploymentPostprocessing = 0;
		};
		D6F604E151744B2C81995EEB /* Resources */ = {
			isa = PBXResourcesBuildPhase;
			buildActionMask = 2147483647;
			files = (
			);
			runOnlyForDeploymentPostprocessing = 0;
		};
		DB510E9C2EC24AF74EDDA760 /* Resources */ = {
			isa = PBXResourcesBuildPhase;
			buildActionMask = 2147483647;
			files = (
			);
			runOnlyForDeploymentPostprocessing = 0;
		};
		F392A475EC3D74457E79414D /* Resources */ = {
			isa = PBXResourcesBuildPhase;
			buildActionMask = 2147483647;
			files = (
			);
			runOnlyForDeploymentPostprocessing = 0;
		};
/* End PBXResourcesBuildPhase section */

/* Begin PBXSourcesBuildPhase section */
		039310BAC6F9E4BCC7B15193 /* Sources */ = {
			isa = PBXSourcesBuildPhase;
			buildActionMask = 2147483647;
			files = (
				394CD96920087C269239E825 /* CapsuleApp.swift in Sources */,
				B206496F100BF9254F3137BA /* RootView.swift in Sources */,
			);
			runOnlyForDeploymentPostprocessing = 0;
		};
		2C4761A1A1678BEFB2EC6D1E /* Sources */ = {
			isa = PBXSourcesBuildPhase;
			buildActionMask = 2147483647;
			files = (
				99051DDABB1B9A845FF84238 /* AssetKit.swift in Sources */,
			);
			runOnlyForDeploymentPostprocessing = 0;
		};
		9B8CAFC378358AD878C614E9 /* Sources */ = {
			isa = PBXSourcesBuildPhase;
			buildActionMask = 2147483647;
			files = (
				8DA686F7690A880600AE41AC /* PlaceholderView.swift in Sources */,
			);
			runOnlyForDeploymentPostprocessing = 0;
		};
		9C382DDD09F8C106A1320F5B /* Sources */ = {
			isa = PBXSourcesBuildPhase;
			buildActionMask = 2147483647;
			files = (
				3EEB32A022F2D324F2F33AEA /* SearchRootView.swift in Sources */,
			);
			runOnlyForDeploymentPostprocessing = 0;
		};
		A08222B8E2D26D2FDE6E8AAC /* Sources */ = {
			isa = PBXSourcesBuildPhase;
			buildActionMask = 2147483647;
			files = (
				18E756DCE4F5C7372AE4FBC7 /* ImagePipeline.swift in Sources */,
			);
			runOnlyForDeploymentPostprocessing = 0;
		};
		A0C538A2101C3815DF899736 /* Sources */ = {
			isa = PBXSourcesBuildPhase;
			buildActionMask = 2147483647;
			files = (
				0E6119967DF8EE618694DA5D /* TimelineRootView.swift in Sources */,
			);
			runOnlyForDeploymentPostprocessing = 0;
		};
		A31FFAC6F0F44AD9459E2C30 /* Sources */ = {
			isa = PBXSourcesBuildPhase;
			buildActionMask = 2147483647;
			files = (
				23A760281D87DD76B7582E3A /* AssetID.swift in Sources */,
				293995ADADF273A8FF6324C2 /* Log.swift in Sources */,
				78F298D3CD2A5959C2D7A95F /* MediaType.swift in Sources */,
			);
			runOnlyForDeploymentPostprocessing = 0;
		};
		B3C757A395CFA4E2261E884D /* Sources */ = {
			isa = PBXSourcesBuildPhase;
			buildActionMask = 2147483647;
			files = (
				A737AB381E4B42B607825903 /* AlbumsRootView.swift in Sources */,
			);
			runOnlyForDeploymentPostprocessing = 0;
		};
		BB8849BC662CBC0A07464B53 /* Sources */ = {
			isa = PBXSourcesBuildPhase;
			buildActionMask = 2147483647;
			files = (
				3FF6EBAD053B1BF720E5CC90 /* ManagedStore.swift in Sources */,
			);
			runOnlyForDeploymentPostprocessing = 0;
		};
		E400BFD365C556DC661FA097 /* Sources */ = {
			isa = PBXSourcesBuildPhase;
			buildActionMask = 2147483647;
			files = (
				06C8FD1BBA1088C13638E4DB /* FeatureViewer.swift in Sources */,
			);
			runOnlyForDeploymentPostprocessing = 0;
		};
		ECB0CD734B38DB29235CECA0 /* Sources */ = {
			isa = PBXSourcesBuildPhase;
			buildActionMask = 2147483647;
			files = (
				56DA3CE10966D1B1E8CC4FD3 /* capsule_core_ffi.swift in Sources */,
				1FFCD514C168CB29D565E427 /* CatalogService.swift in Sources */,
			);
			runOnlyForDeploymentPostprocessing = 0;
		};
/* End PBXSourcesBuildPhase section */

/* Begin PBXTargetDependency section */
		001A5803E779446296E2BB7B /* PBXTargetDependency */ = {
			isa = PBXTargetDependency;
			name = FeatureViewer;
			target = 59C75A877546B25135D84489 /* FeatureViewer */;
			targetProxy = FDB7956930B995BAA4546EE0 /* PBXContainerItemProxy */;
		};
		0B05FF88C35A548DB199017A /* PBXTargetDependency */ = {
			isa = PBXTargetDependency;
			name = CapsuleFoundation;
			target = 1F8292B0E1244CB9E132F7DB /* CapsuleFoundation */;
			targetProxy = 53B6FCA2A4AD298ACB63221D /* PBXContainerItemProxy */;
		};
		15D5465A991E891DECA16E53 /* PBXTargetDependency */ = {
			isa = PBXTargetDependency;
			name = AssetKit;
			target = 8F8FBBFB0DD2747AF89A7517 /* AssetKit */;
			targetProxy = 1EBB862A17DE6F2DC32BB01E /* PBXContainerItemProxy */;
		};
		296A77FEB9426E36D65233E6 /* PBXTargetDependency */ = {
			isa = PBXTargetDependency;
			name = CapsuleUI;
			target = 72CF8BF044786485A16FA567 /* CapsuleUI */;
			targetProxy = 21461526B4EF27441391B47A /* PBXContainerItemProxy */;
		};
		2F9920FF9FBCFB8125D5C4B4 /* PBXTargetDependency */ = {
			isa = PBXTargetDependency;
			name = FeatureSearch;
			target = 6879EF5497CD208E68B0C344 /* FeatureSearch */;
			targetProxy = 0E7D925BA658ED2915DFAE0B /* PBXContainerItemProxy */;
		};
		3928CC4108F1F4490D3239CC /* PBXTargetDependency */ = {
			isa = PBXTargetDependency;
			name = AssetKit;
			target = 8F8FBBFB0DD2747AF89A7517 /* AssetKit */;
			targetProxy = F557B3B879FE17D77C099A19 /* PBXContainerItemProxy */;
		};
		4E67CA5ECCF9630DB74A11CA /* PBXTargetDependency */ = {
			isa = PBXTargetDependency;
			name = CapsuleFoundation;
			target = 1F8292B0E1244CB9E132F7DB /* CapsuleFoundation */;
			targetProxy = A52314042A6C074483463FDA /* PBXContainerItemProxy */;
		};
		52CF6BC4512C15FEBD7E8F20 /* PBXTargetDependency */ = {
			isa = PBXTargetDependency;
			name = ImagePipeline;
			target = FC0B35F548E5FDC10166F8CB /* ImagePipeline */;
			targetProxy = 55193D9E73C9C93358C196FA /* PBXContainerItemProxy */;
		};
		54EB0340C12520B4E6FCD2DF /* PBXTargetDependency */ = {
			isa = PBXTargetDependency;
			name = AssetKit;
			target = 8F8FBBFB0DD2747AF89A7517 /* AssetKit */;
			targetProxy = AACD4C9B4E2FEF3AF40D259E /* PBXContainerItemProxy */;
		};
		60B00EF867FD81EFDA5CAE3E /* PBXTargetDependency */ = {
			isa = PBXTargetDependency;
			name = CapsuleUI;
			target = 72CF8BF044786485A16FA567 /* CapsuleUI */;
			targetProxy = 76988A872D20B4705C9D4435 /* PBXContainerItemProxy */;
		};
		919B065313C8D3A3509379A9 /* PBXTargetDependency */ = {
			isa = PBXTargetDependency;
			name = CapsuleFoundation;
			target = 1F8292B0E1244CB9E132F7DB /* CapsuleFoundation */;
			targetProxy = D1C26D01C496B6170DB438D3 /* PBXContainerItemProxy */;
		};
		93367770E3B55C11AF9C1DC1 /* PBXTargetDependency */ = {
			isa = PBXTargetDependency;
			name = ImagePipeline;
			target = FC0B35F548E5FDC10166F8CB /* ImagePipeline */;
			targetProxy = D95042F98DD51EC63C7755AB /* PBXContainerItemProxy */;
		};
		A96BF26A9E72FDC9026042CE /* PBXTargetDependency */ = {
			isa = PBXTargetDependency;
			name = AssetKit;
			target = 8F8FBBFB0DD2747AF89A7517 /* AssetKit */;
			targetProxy = DAAE284E7671C825C07CB15B /* PBXContainerItemProxy */;
		};
		B26E5462A881C3CFB584284E /* PBXTargetDependency */ = {
			isa = PBXTargetDependency;
			name = FeatureAlbums;
			target = E94AAD9272B4380AB089B677 /* FeatureAlbums */;
			targetProxy = 95B6D0E50B7668EE169225D6 /* PBXContainerItemProxy */;
		};
		CD6827485008D333F5F706B5 /* PBXTargetDependency */ = {
			isa = PBXTargetDependency;
			name = CapsuleUI;
			target = 72CF8BF044786485A16FA567 /* CapsuleUI */;
			targetProxy = 251AEA13EC9486DB8CB046CE /* PBXContainerItemProxy */;
		};
		D5943471DB0979722D4B2A73 /* PBXTargetDependency */ = {
			isa = PBXTargetDependency;
			name = CapsuleFoundation;
			target = 1F8292B0E1244CB9E132F7DB /* CapsuleFoundation */;
			targetProxy = 7CBD2B5B07BB47F56B205510 /* PBXContainerItemProxy */;
		};
		D5BBEFF7B54F871C086163D7 /* PBXTargetDependency */ = {
			isa = PBXTargetDependency;
			name = ImagePipeline;
			target = FC0B35F548E5FDC10166F8CB /* ImagePipeline */;
			targetProxy = A7F01E723A45578DB3294D21 /* PBXContainerItemProxy */;
		};
		D685DE9460634E712248FE20 /* PBXTargetDependency */ = {
			isa = PBXTargetDependency;
			name = CapsuleFoundation;
			target = 1F8292B0E1244CB9E132F7DB /* CapsuleFoundation */;
			targetProxy = 04AB8152CFF6C3105DE1E9BD /* PBXContainerItemProxy */;
		};
		DADFF8482AF08D9C8C7C3026 /* PBXTargetDependency */ = {
			isa = PBXTargetDependency;
			name = CapsuleFoundation;
			target = 1F8292B0E1244CB9E132F7DB /* CapsuleFoundation */;
			targetProxy = 5988DDC0E66F11E64882ED96 /* PBXContainerItemProxy */;
		};
		E4500CCF029BC436E128CC78 /* PBXTargetDependency */ = {
			isa = PBXTargetDependency;
			name = CapsuleUI;
			target = 72CF8BF044786485A16FA567 /* CapsuleUI */;
			targetProxy = FD188B050C56A1C54B1CEC9A /* PBXContainerItemProxy */;
		};
		E909CE39F7B79AAF83286749 /* PBXTargetDependency */ = {
			isa = PBXTargetDependency;
			name = CapsuleUI;
			target = 72CF8BF044786485A16FA567 /* CapsuleUI */;
			targetProxy = 7554EB5A6A7BD401411B5DCA /* PBXContainerItemProxy */;
		};
		EC142AF148442622C50CE0EE /* PBXTargetDependency */ = {
			isa = PBXTargetDependency;
			name = CapsuleCatalog;
			target = D08226440C0BE17E50CC6AC0 /* CapsuleCatalog */;
			targetProxy = CAE463F80A6E67218B60FFB4 /* PBXContainerItemProxy */;
		};
		ECEF2EA41AEA87682255CF5A /* PBXTargetDependency */ = {
			isa = PBXTargetDependency;
			name = ManagedStore;
			target = 5E7C23C9EDB68BA76066649C /* ManagedStore */;
			targetProxy = C7AE693E3575FCAD0B432238 /* PBXContainerItemProxy */;
		};
		ED40A20FD0BA84852A0F01EB /* PBXTargetDependency */ = {
			isa = PBXTargetDependency;
			name = AssetKit;
			target = 8F8FBBFB0DD2747AF89A7517 /* AssetKit */;
			targetProxy = 6731E6B2365D91E0E9C8F937 /* PBXContainerItemProxy */;
		};
		F2F8BFAB330B3AA80308C726 /* PBXTargetDependency */ = {
			isa = PBXTargetDependency;
			name = AssetKit;
			target = 8F8FBBFB0DD2747AF89A7517 /* AssetKit */;
			targetProxy = BFD283B2BDD3A09B6ACD373B /* PBXContainerItemProxy */;
		};
		F5E3D29F65B8C2829ABE63B4 /* PBXTargetDependency */ = {
			isa = PBXTargetDependency;
			name = FeatureTimeline;
			target = B5F443FAF34C0835697CC22F /* FeatureTimeline */;
			targetProxy = 7993045F0446A3CB0DE979A4 /* PBXContainerItemProxy */;
		};
/* End PBXTargetDependency section */

/* Begin XCBuildConfiguration section */
		0376C36614A9FD90CCB58A74 /* Release */ = {
			isa = XCBuildConfiguration;
			buildSettings = {
				CODE_SIGN_IDENTITY = "";
				CURRENT_PROJECT_VERSION = 1;
				DEFINES_MODULE = YES;
				DYLIB_COMPATIBILITY_VERSION = 1;
				DYLIB_CURRENT_VERSION = 1;
				DYLIB_INSTALL_NAME_BASE = "@rpath";
				FRAMEWORK_SEARCH_PATHS = (
					"$(inherited)",
					"$(SRCROOT)/.ffi",
				);
				INFOPLIST_FILE = "Derived/InfoPlists/CapsuleCatalog-Info.plist";
				INSTALL_PATH = "$(LOCAL_LIBRARY_DIR)/Frameworks";
				IPHONEOS_DEPLOYMENT_TARGET = 18.0;
				LD_RUNPATH_SEARCH_PATHS = (
					"$(inherited)",
					"@executable_path/Frameworks",
					"@loader_path/Frameworks",
				);
				OTHER_LDFLAGS = (
					"$(inherited)",
					"-L$(DT_TOOLCHAIN_DIR)/usr/lib/swift/$(PLATFORM_NAME)",
				);
				PRODUCT_BUNDLE_IDENTIFIER = com.justin13888.capsule.CapsuleCatalog;
				PRODUCT_NAME = CapsuleCatalog;
				SDKROOT = iphoneos;
				SKIP_INSTALL = YES;
				SUPPORTS_MACCATALYST = NO;
				SUPPORTS_MAC_DESIGNED_FOR_IPHONE_IPAD = NO;
				SUPPORTS_XR_DESIGNED_FOR_IPHONE_IPAD = NO;
				SWIFT_COMPILATION_MODE = wholemodule;
				SWIFT_OPTIMIZATION_LEVEL = "-O";
				SWIFT_STRICT_CONCURRENCY = complete;
				SWIFT_VERSION = 6.0;
				TARGETED_DEVICE_FAMILY = "1,2";
				VERSIONING_SYSTEM = "apple-generic";
				VERSION_INFO_PREFIX = "";
			};
			name = Release;
		};
		055352FB0BB5B80B582D0E71 /* Debug */ = {
			isa = XCBuildConfiguration;
			buildSettings = {
				ASSETCATALOG_COMPILER_APPICON_NAME = AppIcon;
				ASSETCATALOG_COMPILER_GLOBAL_ACCENT_COLOR_NAME = AccentColor;
				CODE_SIGN_IDENTITY = "iPhone Developer";
				ENABLE_PREVIEWS = YES;
				INFOPLIST_FILE = "Derived/InfoPlists/Capsule-Info.plist";
				IPHONEOS_DEPLOYMENT_TARGET = 18.0;
				LD_RUNPATH_SEARCH_PATHS = (
					"$(inherited)",
					"@executable_path/Frameworks",
				);
				OTHER_LDFLAGS = (
					"$(inherited)",
					"-L$(DT_TOOLCHAIN_DIR)/usr/lib/swift/$(PLATFORM_NAME)",
				);
				PRODUCT_BUNDLE_IDENTIFIER = com.justin13888.capsule.Capsule;
				PRODUCT_NAME = Capsule;
				SDKROOT = iphoneos;
				SUPPORTS_MACCATALYST = NO;
				SUPPORTS_MAC_DESIGNED_FOR_IPHONE_IPAD = NO;
				SUPPORTS_XR_DESIGNED_FOR_IPHONE_IPAD = NO;
				SWIFT_ACTIVE_COMPILATION_CONDITIONS = (
					"$(inherited)",
					DEBUG,
				);
				SWIFT_COMPILATION_MODE = singlefile;
				SWIFT_OPTIMIZATION_LEVEL = "-Onone";
				SWIFT_STRICT_CONCURRENCY = complete;
				SWIFT_VERSION = 6.0;
				TARGETED_DEVICE_FAMILY = "1,2";
			};
			name = Debug;
		};
		106AC98F6BF7EDDE9014A2BA /* Debug */ = {
			isa = XCBuildConfiguration;
			buildSettings = {
				CODE_SIGN_IDENTITY = "";
				CURRENT_PROJECT_VERSION = 1;
				DEFINES_MODULE = YES;
				DYLIB_COMPATIBILITY_VERSION = 1;
				DYLIB_CURRENT_VERSION = 1;
				DYLIB_INSTALL_NAME_BASE = "@rpath";
				FRAMEWORK_SEARCH_PATHS = (
					"$(inherited)",
					"$(SRCROOT)/.ffi",
				);
				INFOPLIST_FILE = "Derived/InfoPlists/CapsuleCatalog-Info.plist";
				INSTALL_PATH = "$(LOCAL_LIBRARY_DIR)/Frameworks";
				IPHONEOS_DEPLOYMENT_TARGET = 18.0;
				LD_RUNPATH_SEARCH_PATHS = (
					"$(inherited)",
					"@executable_path/Frameworks",
					"@loader_path/Frameworks",
				);
				OTHER_LDFLAGS = (
					"$(inherited)",
					"-L$(DT_TOOLCHAIN_DIR)/usr/lib/swift/$(PLATFORM_NAME)",
				);
				PRODUCT_BUNDLE_IDENTIFIER = com.justin13888.capsule.CapsuleCatalog;
				PRODUCT_NAME = CapsuleCatalog;
				SDKROOT = iphoneos;
				SKIP_INSTALL = YES;
				SUPPORTS_MACCATALYST = NO;
				SUPPORTS_MAC_DESIGNED_FOR_IPHONE_IPAD = NO;
				SUPPORTS_XR_DESIGNED_FOR_IPHONE_IPAD = NO;
				SWIFT_ACTIVE_COMPILATION_CONDITIONS = (
					"$(inherited)",
					DEBUG,
				);
				SWIFT_COMPILATION_MODE = singlefile;
				SWIFT_OPTIMIZATION_LEVEL = "-Onone";
				SWIFT_STRICT_CONCURRENCY = complete;
				SWIFT_VERSION = 6.0;
				TARGETED_DEVICE_FAMILY = "1,2";
				VERSIONING_SYSTEM = "apple-generic";
				VERSION_INFO_PREFIX = "";
			};
			name = Debug;
		};
		1F5E9C995C3D7266BF099985 /* Release */ = {
			isa = XCBuildConfiguration;
			buildSettings = {
				ASSETCATALOG_COMPILER_APPICON_NAME = AppIcon;
				ASSETCATALOG_COMPILER_GLOBAL_ACCENT_COLOR_NAME = AccentColor;
				CODE_SIGN_IDENTITY = "iPhone Developer";
				ENABLE_PREVIEWS = YES;
				INFOPLIST_FILE = "Derived/InfoPlists/Capsule-Info.plist";
				IPHONEOS_DEPLOYMENT_TARGET = 18.0;
				LD_RUNPATH_SEARCH_PATHS = (
					"$(inherited)",
					"@executable_path/Frameworks",
				);
				OTHER_LDFLAGS = (
					"$(inherited)",
					"-L$(DT_TOOLCHAIN_DIR)/usr/lib/swift/$(PLATFORM_NAME)",
				);
				PRODUCT_BUNDLE_IDENTIFIER = com.justin13888.capsule.Capsule;
				PRODUCT_NAME = Capsule;
				SDKROOT = iphoneos;
				SUPPORTS_MACCATALYST = NO;
				SUPPORTS_MAC_DESIGNED_FOR_IPHONE_IPAD = NO;
				SUPPORTS_XR_DESIGNED_FOR_IPHONE_IPAD = NO;
				SWIFT_COMPILATION_MODE = wholemodule;
				SWIFT_OPTIMIZATION_LEVEL = "-O";
				SWIFT_STRICT_CONCURRENCY = complete;
				SWIFT_VERSION = 6.0;
				TARGETED_DEVICE_FAMILY = "1,2";
			};
			name = Release;
		};
		20DDCE0C47C15F4A3F627D80 /* Debug */ = {
			isa = XCBuildConfiguration;
			buildSettings = {
				CODE_SIGN_IDENTITY = "";
				CURRENT_PROJECT_VERSION = 1;
				DEFINES_MODULE = YES;
				DYLIB_COMPATIBILITY_VERSION = 1;
				DYLIB_CURRENT_VERSION = 1;
				DYLIB_INSTALL_NAME_BASE = "@rpath";
				INFOPLIST_FILE = "Derived/InfoPlists/CapsuleUI-Info.plist";
				INSTALL_PATH = "$(LOCAL_LIBRARY_DIR)/Frameworks";
				IPHONEOS_DEPLOYMENT_TARGET = 18.0;
				LD_RUNPATH_SEARCH_PATHS = (
					"$(inherited)",
					"@executable_path/Frameworks",
					"@loader_path/Frameworks",
				);
				OTHER_LDFLAGS = (
					"$(inherited)",
					"-L$(DT_TOOLCHAIN_DIR)/usr/lib/swift/$(PLATFORM_NAME)",
				);
				PRODUCT_BUNDLE_IDENTIFIER = com.justin13888.capsule.CapsuleUI;
				PRODUCT_NAME = CapsuleUI;
				SDKROOT = iphoneos;
				SKIP_INSTALL = YES;
				SUPPORTS_MACCATALYST = NO;
				SUPPORTS_MAC_DESIGNED_FOR_IPHONE_IPAD = NO;
				SUPPORTS_XR_DESIGNED_FOR_IPHONE_IPAD = NO;
				SWIFT_ACTIVE_COMPILATION_CONDITIONS = (
					"$(inherited)",
					DEBUG,
				);
				SWIFT_COMPILATION_MODE = singlefile;
				SWIFT_OPTIMIZATION_LEVEL = "-Onone";
				SWIFT_STRICT_CONCURRENCY = complete;
				SWIFT_VERSION = 6.0;
				TARGETED_DEVICE_FAMILY = "1,2";
				VERSIONING_SYSTEM = "apple-generic";
				VERSION_INFO_PREFIX = "";
			};
			name = Debug;
		};
		2576289EFA69BF7B728EBDA9 /* Debug */ = {
			isa = XCBuildConfiguration;
			buildSettings = {
				CODE_SIGN_IDENTITY = "";
				CURRENT_PROJECT_VERSION = 1;
				DEFINES_MODULE = YES;
				DYLIB_COMPATIBILITY_VERSION = 1;
				DYLIB_CURRENT_VERSION = 1;
				DYLIB_INSTALL_NAME_BASE = "@rpath";
				INFOPLIST_FILE = "Derived/InfoPlists/ImagePipeline-Info.plist";
				INSTALL_PATH = "$(LOCAL_LIBRARY_DIR)/Frameworks";
				IPHONEOS_DEPLOYMENT_TARGET = 18.0;
				LD_RUNPATH_SEARCH_PATHS = (
					"$(inherited)",
					"@executable_path/Frameworks",
					"@loader_path/Frameworks",
				);
				OTHER_LDFLAGS = (
					"$(inherited)",
					"-L$(DT_TOOLCHAIN_DIR)/usr/lib/swift/$(PLATFORM_NAME)",
				);
				PRODUCT_BUNDLE_IDENTIFIER = com.justin13888.capsule.ImagePipeline;
				PRODUCT_NAME = ImagePipeline;
				SDKROOT = iphoneos;
				SKIP_INSTALL = YES;
				SUPPORTS_MACCATALYST = NO;
				SUPPORTS_MAC_DESIGNED_FOR_IPHONE_IPAD = NO;
				SUPPORTS_XR_DESIGNED_FOR_IPHONE_IPAD = NO;
				SWIFT_ACTIVE_COMPILATION_CONDITIONS = (
					"$(inherited)",
					DEBUG,
				);
				SWIFT_COMPILATION_MODE = singlefile;
				SWIFT_OPTIMIZATION_LEVEL = "-Onone";
				SWIFT_STRICT_CONCURRENCY = complete;
				SWIFT_VERSION = 6.0;
				TARGETED_DEVICE_FAMILY = "1,2";
				VERSIONING_SYSTEM = "apple-generic";
				VERSION_INFO_PREFIX = "";
			};
			name = Debug;
		};
		26E56572436A579EF594A8BE /* Debug */ = {
			isa = XCBuildConfiguration;
			buildSettings = {
				CODE_SIGN_IDENTITY = "";
				CURRENT_PROJECT_VERSION = 1;
				DEFINES_MODULE = YES;
				DYLIB_COMPATIBILITY_VERSION = 1;
				DYLIB_CURRENT_VERSION = 1;
				DYLIB_INSTALL_NAME_BASE = "@rpath";
				FRAMEWORK_SEARCH_PATHS = (
					"$(inherited)",
					"$(SRCROOT)/.ffi",
				);
				INFOPLIST_FILE = "Derived/InfoPlists/ManagedStore-Info.plist";
				INSTALL_PATH = "$(LOCAL_LIBRARY_DIR)/Frameworks";
				IPHONEOS_DEPLOYMENT_TARGET = 18.0;
				LD_RUNPATH_SEARCH_PATHS = (
					"$(inherited)",
					"@executable_path/Frameworks",
					"@loader_path/Frameworks",
				);
				OTHER_LDFLAGS = (
					"$(inherited)",
					"-L$(DT_TOOLCHAIN_DIR)/usr/lib/swift/$(PLATFORM_NAME)",
				);
				PRODUCT_BUNDLE_IDENTIFIER = com.justin13888.capsule.ManagedStore;
				PRODUCT_NAME = ManagedStore;
				SDKROOT = iphoneos;
				SKIP_INSTALL = YES;
				SUPPORTS_MACCATALYST = NO;
				SUPPORTS_MAC_DESIGNED_FOR_IPHONE_IPAD = NO;
				SUPPORTS_XR_DESIGNED_FOR_IPHONE_IPAD = NO;
				SWIFT_ACTIVE_COMPILATION_CONDITIONS = (
					"$(inherited)",
					DEBUG,
				);
				SWIFT_COMPILATION_MODE = singlefile;
				SWIFT_OPTIMIZATION_LEVEL = "-Onone";
				SWIFT_STRICT_CONCURRENCY = complete;
				SWIFT_VERSION = 6.0;
				TARGETED_DEVICE_FAMILY = "1,2";
				VERSIONING_SYSTEM = "apple-generic";
				VERSION_INFO_PREFIX = "";
			};
			name = Debug;
		};
		36DB3D0D646E66DF0ED656B0 /* Release */ = {
			isa = XCBuildConfiguration;
			buildSettings = {
				CODE_SIGN_IDENTITY = "";
				CURRENT_PROJECT_VERSION = 1;
				DEFINES_MODULE = YES;
				DYLIB_COMPATIBILITY_VERSION = 1;
				DYLIB_CURRENT_VERSION = 1;
				DYLIB_INSTALL_NAME_BASE = "@rpath";
				INFOPLIST_FILE = "Derived/InfoPlists/CapsuleFoundation-Info.plist";
				INSTALL_PATH = "$(LOCAL_LIBRARY_DIR)/Frameworks";
				IPHONEOS_DEPLOYMENT_TARGET = 18.0;
				LD_RUNPATH_SEARCH_PATHS = (
					"$(inherited)",
					"@executable_path/Frameworks",
					"@loader_path/Frameworks",
				);
				OTHER_LDFLAGS = (
					"$(inherited)",
					"-L$(DT_TOOLCHAIN_DIR)/usr/lib/swift/$(PLATFORM_NAME)",
				);
				PRODUCT_BUNDLE_IDENTIFIER = com.justin13888.capsule.CapsuleFoundation;
				PRODUCT_NAME = CapsuleFoundation;
				SDKROOT = iphoneos;
				SKIP_INSTALL = YES;
				SUPPORTS_MACCATALYST = NO;
				SUPPORTS_MAC_DESIGNED_FOR_IPHONE_IPAD = NO;
				SUPPORTS_XR_DESIGNED_FOR_IPHONE_IPAD = NO;
				SWIFT_COMPILATION_MODE = wholemodule;
				SWIFT_OPTIMIZATION_LEVEL = "-O";
				SWIFT_STRICT_CONCURRENCY = complete;
				SWIFT_VERSION = 6.0;
				TARGETED_DEVICE_FAMILY = "1,2";
				VERSIONING_SYSTEM = "apple-generic";
				VERSION_INFO_PREFIX = "";
			};
			name = Release;
		};
		388F7EA0B672FDEB0B735089 /* Release */ = {
			isa = XCBuildConfiguration;
			buildSettings = {
				CODE_SIGN_IDENTITY = "";
				CURRENT_PROJECT_VERSION = 1;
				DEFINES_MODULE = YES;
				DYLIB_COMPATIBILITY_VERSION = 1;
				DYLIB_CURRENT_VERSION = 1;
				DYLIB_INSTALL_NAME_BASE = "@rpath";
				INFOPLIST_FILE = "Derived/InfoPlists/ImagePipeline-Info.plist";
				INSTALL_PATH = "$(LOCAL_LIBRARY_DIR)/Frameworks";
				IPHONEOS_DEPLOYMENT_TARGET = 18.0;
				LD_RUNPATH_SEARCH_PATHS = (
					"$(inherited)",
					"@executable_path/Frameworks",
					"@loader_path/Frameworks",
				);
				OTHER_LDFLAGS = (
					"$(inherited)",
					"-L$(DT_TOOLCHAIN_DIR)/usr/lib/swift/$(PLATFORM_NAME)",
				);
				PRODUCT_BUNDLE_IDENTIFIER = com.justin13888.capsule.ImagePipeline;
				PRODUCT_NAME = ImagePipeline;
				SDKROOT = iphoneos;
				SKIP_INSTALL = YES;
				SUPPORTS_MACCATALYST = NO;
				SUPPORTS_MAC_DESIGNED_FOR_IPHONE_IPAD = NO;
				SUPPORTS_XR_DESIGNED_FOR_IPHONE_IPAD = NO;
				SWIFT_COMPILATION_MODE = wholemodule;
				SWIFT_OPTIMIZATION_LEVEL = "-O";
				SWIFT_STRICT_CONCURRENCY = complete;
				SWIFT_VERSION = 6.0;
				TARGETED_DEVICE_FAMILY = "1,2";
				VERSIONING_SYSTEM = "apple-generic";
				VERSION_INFO_PREFIX = "";
			};
			name = Release;
		};
		45463406353071F23B257B9B /* Debug */ = {
			isa = XCBuildConfiguration;
			buildSettings = {
				CODE_SIGN_IDENTITY = "";
				CURRENT_PROJECT_VERSION = 1;
				DEFINES_MODULE = YES;
				DYLIB_COMPATIBILITY_VERSION = 1;
				DYLIB_CURRENT_VERSION = 1;
				DYLIB_INSTALL_NAME_BASE = "@rpath";
				INFOPLIST_FILE = "Derived/InfoPlists/CapsuleFoundation-Info.plist";
				INSTALL_PATH = "$(LOCAL_LIBRARY_DIR)/Frameworks";
				IPHONEOS_DEPLOYMENT_TARGET = 18.0;
				LD_RUNPATH_SEARCH_PATHS = (
					"$(inherited)",
					"@executable_path/Frameworks",
					"@loader_path/Frameworks",
				);
				OTHER_LDFLAGS = (
					"$(inherited)",
					"-L$(DT_TOOLCHAIN_DIR)/usr/lib/swift/$(PLATFORM_NAME)",
				);
				PRODUCT_BUNDLE_IDENTIFIER = com.justin13888.capsule.CapsuleFoundation;
				PRODUCT_NAME = CapsuleFoundation;
				SDKROOT = iphoneos;
				SKIP_INSTALL = YES;
				SUPPORTS_MACCATALYST = NO;
				SUPPORTS_MAC_DESIGNED_FOR_IPHONE_IPAD = NO;
				SUPPORTS_XR_DESIGNED_FOR_IPHONE_IPAD = NO;
				SWIFT_ACTIVE_COMPILATION_CONDITIONS = (
					"$(inherited)",
					DEBUG,
				);
				SWIFT_COMPILATION_MODE = singlefile;
				SWIFT_OPTIMIZATION_LEVEL = "-Onone";
				SWIFT_STRICT_CONCURRENCY = complete;
				SWIFT_VERSION = 6.0;
				TARGETED_DEVICE_FAMILY = "1,2";
				VERSIONING_SYSTEM = "apple-generic";
				VERSION_INFO_PREFIX = "";
			};
			name = Debug;
		};
		4F60FE519192654B73F90A52 /* Debug */ = {
			isa = XCBuildConfiguration;
			buildSettings = {
				CODE_SIGN_IDENTITY = "";
				CURRENT_PROJECT_VERSION = 1;
				DEFINES_MODULE = YES;
				DYLIB_COMPATIBILITY_VERSION = 1;
				DYLIB_CURRENT_VERSION = 1;
				DYLIB_INSTALL_NAME_BASE = "@rpath";
				INFOPLIST_FILE = "Derived/InfoPlists/FeatureViewer-Info.plist";
				INSTALL_PATH = "$(LOCAL_LIBRARY_DIR)/Frameworks";
				IPHONEOS_DEPLOYMENT_TARGET = 18.0;
				LD_RUNPATH_SEARCH_PATHS = (
					"$(inherited)",
					"@executable_path/Frameworks",
					"@loader_path/Frameworks",
				);
				OTHER_LDFLAGS = (
					"$(inherited)",
					"-L$(DT_TOOLCHAIN_DIR)/usr/lib/swift/$(PLATFORM_NAME)",
				);
				PRODUCT_BUNDLE_IDENTIFIER = com.justin13888.capsule.FeatureViewer;
				PRODUCT_NAME = FeatureViewer;
				SDKROOT = iphoneos;
				SKIP_INSTALL = YES;
				SUPPORTS_MACCATALYST = NO;
				SUPPORTS_MAC_DESIGNED_FOR_IPHONE_IPAD = NO;
				SUPPORTS_XR_DESIGNED_FOR_IPHONE_IPAD = NO;
				SWIFT_ACTIVE_COMPILATION_CONDITIONS = (
					"$(inherited)",
					DEBUG,
				);
				SWIFT_COMPILATION_MODE = singlefile;
				SWIFT_OPTIMIZATION_LEVEL = "-Onone";
				SWIFT_STRICT_CONCURRENCY = complete;
				SWIFT_VERSION = 6.0;
				TARGETED_DEVICE_FAMILY = "1,2";
				VERSIONING_SYSTEM = "apple-generic";
				VERSION_INFO_PREFIX = "";
			};
			name = Debug;
		};
		5B5D7EC727956246FEAA2E8A /* Release */ = {
			isa = XCBuildConfiguration;
			buildSettings = {
				CODE_SIGN_IDENTITY = "";
				CURRENT_PROJECT_VERSION = 1;
				DEFINES_MODULE = YES;
				DYLIB_COMPATIBILITY_VERSION = 1;
				DYLIB_CURRENT_VERSION = 1;
				DYLIB_INSTALL_NAME_BASE = "@rpath";
				INFOPLIST_FILE = "Derived/InfoPlists/FeatureSearch-Info.plist";
				INSTALL_PATH = "$(LOCAL_LIBRARY_DIR)/Frameworks";
				IPHONEOS_DEPLOYMENT_TARGET = 18.0;
				LD_RUNPATH_SEARCH_PATHS = (
					"$(inherited)",
					"@executable_path/Frameworks",
					"@loader_path/Frameworks",
				);
				OTHER_LDFLAGS = (
					"$(inherited)",
					"-L$(DT_TOOLCHAIN_DIR)/usr/lib/swift/$(PLATFORM_NAME)",
				);
				PRODUCT_BUNDLE_IDENTIFIER = com.justin13888.capsule.FeatureSearch;
				PRODUCT_NAME = FeatureSearch;
				SDKROOT = iphoneos;
				SKIP_INSTALL = YES;
				SUPPORTS_MACCATALYST = NO;
				SUPPORTS_MAC_DESIGNED_FOR_IPHONE_IPAD = NO;
				SUPPORTS_XR_DESIGNED_FOR_IPHONE_IPAD = NO;
				SWIFT_COMPILATION_MODE = wholemodule;
				SWIFT_OPTIMIZATION_LEVEL = "-O";
				SWIFT_STRICT_CONCURRENCY = complete;
				SWIFT_VERSION = 6.0;
				TARGETED_DEVICE_FAMILY = "1,2";
				VERSIONING_SYSTEM = "apple-generic";
				VERSION_INFO_PREFIX = "";
			};
			name = Release;
		};
		5B7B056BA6A71CE4195EE182 /* Debug */ = {
			isa = XCBuildConfiguration;
			buildSettings = {
				ALWAYS_SEARCH_USER_PATHS = NO;
				CLANG_ANALYZER_LOCALIZABILITY_NONLOCALIZED = YES;
				CLANG_ANALYZER_NONNULL = YES;
				CLANG_ANALYZER_NUMBER_OBJECT_CONVERSION = YES_AGGRESSIVE;
				CLANG_CXX_LANGUAGE_STANDARD = "gnu++14";
				CLANG_CXX_LIBRARY = "libc++";
				CLANG_ENABLE_MODULES = YES;
				CLANG_ENABLE_OBJC_ARC = YES;
				CLANG_ENABLE_OBJC_WEAK = YES;
				CLANG_WARN_BLOCK_CAPTURE_AUTORELEASING = YES;
				CLANG_WARN_BOOL_CONVERSION = YES;
				CLANG_WARN_COMMA = YES;
				CLANG_WARN_CONSTANT_CONVERSION = YES;
				CLANG_WARN_DEPRECATED_OBJC_IMPLEMENTATIONS = YES;
				CLANG_WARN_DIRECT_OBJC_ISA_USAGE = YES_ERROR;
				CLANG_WARN_DOCUMENTATION_COMMENTS = YES;
				CLANG_WARN_EMPTY_BODY = YES;
				CLANG_WARN_ENUM_CONVERSION = YES;
				CLANG_WARN_INFINITE_RECURSION = YES;
				CLANG_WARN_INT_CONVERSION = YES;
				CLANG_WARN_NON_LITERAL_NULL_CONVERSION = YES;
				CLANG_WARN_OBJC_IMPLICIT_RETAIN_SELF = YES;
				CLANG_WARN_OBJC_LITERAL_CONVERSION = YES;
				CLANG_WARN_OBJC_ROOT_CLASS = YES_ERROR;
				CLANG_WARN_QUOTED_INCLUDE_IN_FRAMEWORK_HEADER = YES;
				CLANG_WARN_RANGE_LOOP_ANALYSIS = YES;
				CLANG_WARN_STRICT_PROTOTYPES = YES;
				CLANG_WARN_SUSPICIOUS_MOVE = YES;
				CLANG_WARN_UNGUARDED_AVAILABILITY = YES_AGGRESSIVE;
				CLANG_WARN_UNREACHABLE_CODE = YES;
				CLANG_WARN__DUPLICATE_METHOD_MATCH = YES;
				COPY_PHASE_STRIP = NO;
				DEAD_CODE_STRIPPING = YES;
				DEBUG_INFORMATION_FORMAT = dwarf;
				ENABLE_STRICT_OBJC_MSGSEND = YES;
				ENABLE_TESTABILITY = YES;
				GCC_C_LANGUAGE_STANDARD = gnu11;
				GCC_DYNAMIC_NO_PIC = NO;
				GCC_NO_COMMON_BLOCKS = YES;
				GCC_OPTIMIZATION_LEVEL = 0;
				GCC_PREPROCESSOR_DEFINITIONS = (
					"DEBUG=1",
					"$(inherited)",
				);
				GCC_WARN_64_TO_32_BIT_CONVERSION = YES;
				GCC_WARN_ABOUT_RETURN_TYPE = YES_ERROR;
				GCC_WARN_UNDECLARED_SELECTOR = YES;
				GCC_WARN_UNINITIALIZED_AUTOS = YES_AGGRESSIVE;
				GCC_WARN_UNUSED_FUNCTION = YES;
				GCC_WARN_UNUSED_VARIABLE = YES;
				MTL_ENABLE_DEBUG_INFO = YES;
				ONLY_ACTIVE_ARCH = YES;
				PRODUCT_NAME = "$(TARGET_NAME)";
			};
			name = Debug;
		};
		6484D168A9CFB9D9C6BBC907 /* Debug */ = {
			isa = XCBuildConfiguration;
			buildSettings = {
				CODE_SIGN_IDENTITY = "";
				CURRENT_PROJECT_VERSION = 1;
				DEFINES_MODULE = YES;
				DYLIB_COMPATIBILITY_VERSION = 1;
				DYLIB_CURRENT_VERSION = 1;
				DYLIB_INSTALL_NAME_BASE = "@rpath";
				INFOPLIST_FILE = "Derived/InfoPlists/FeatureSearch-Info.plist";
				INSTALL_PATH = "$(LOCAL_LIBRARY_DIR)/Frameworks";
				IPHONEOS_DEPLOYMENT_TARGET = 18.0;
				LD_RUNPATH_SEARCH_PATHS = (
					"$(inherited)",
					"@executable_path/Frameworks",
					"@loader_path/Frameworks",
				);
				OTHER_LDFLAGS = (
					"$(inherited)",
					"-L$(DT_TOOLCHAIN_DIR)/usr/lib/swift/$(PLATFORM_NAME)",
				);
				PRODUCT_BUNDLE_IDENTIFIER = com.justin13888.capsule.FeatureSearch;
				PRODUCT_NAME = FeatureSearch;
				SDKROOT = iphoneos;
				SKIP_INSTALL = YES;
				SUPPORTS_MACCATALYST = NO;
				SUPPORTS_MAC_DESIGNED_FOR_IPHONE_IPAD = NO;
				SUPPORTS_XR_DESIGNED_FOR_IPHONE_IPAD = NO;
				SWIFT_ACTIVE_COMPILATION_CONDITIONS = (
					"$(inherited)",
					DEBUG,
				);
				SWIFT_COMPILATION_MODE = singlefile;
				SWIFT_OPTIMIZATION_LEVEL = "-Onone";
				SWIFT_STRICT_CONCURRENCY = complete;
				SWIFT_VERSION = 6.0;
				TARGETED_DEVICE_FAMILY = "1,2";
				VERSIONING_SYSTEM = "apple-generic";
				VERSION_INFO_PREFIX = "";
			};
			name = Debug;
		};
		8301B19A316FC3F594E66750 /* Release */ = {
			isa = XCBuildConfiguration;
			buildSettings = {
				CODE_SIGN_IDENTITY = "";
				CURRENT_PROJECT_VERSION = 1;
				DEFINES_MODULE = YES;
				DYLIB_COMPATIBILITY_VERSION = 1;
				DYLIB_CURRENT_VERSION = 1;
				DYLIB_INSTALL_NAME_BASE = "@rpath";
				INFOPLIST_FILE = "Derived/InfoPlists/FeatureViewer-Info.plist";
				INSTALL_PATH = "$(LOCAL_LIBRARY_DIR)/Frameworks";
				IPHONEOS_DEPLOYMENT_TARGET = 18.0;
				LD_RUNPATH_SEARCH_PATHS = (
					"$(inherited)",
					"@executable_path/Frameworks",
					"@loader_path/Frameworks",
				);
				OTHER_LDFLAGS = (
					"$(inherited)",
					"-L$(DT_TOOLCHAIN_DIR)/usr/lib/swift/$(PLATFORM_NAME)",
				);
				PRODUCT_BUNDLE_IDENTIFIER = com.justin13888.capsule.FeatureViewer;
				PRODUCT_NAME = FeatureViewer;
				SDKROOT = iphoneos;
				SKIP_INSTALL = YES;
				SUPPORTS_MACCATALYST = NO;
				SUPPORTS_MAC_DESIGNED_FOR_IPHONE_IPAD = NO;
				SUPPORTS_XR_DESIGNED_FOR_IPHONE_IPAD = NO;
				SWIFT_COMPILATION_MODE = wholemodule;
				SWIFT_OPTIMIZATION_LEVEL = "-O";
				SWIFT_STRICT_CONCURRENCY = complete;
				SWIFT_VERSION = 6.0;
				TARGETED_DEVICE_FAMILY = "1,2";
				VERSIONING_SYSTEM = "apple-generic";
				VERSION_INFO_PREFIX = "";
			};
			name = Release;
		};
		8312C579C10E4CF50DFC5C42 /* Release */ = {
			isa = XCBuildConfiguration;
			buildSettings = {
				CODE_SIGN_IDENTITY = "";
				CURRENT_PROJECT_VERSION = 1;
				DEFINES_MODULE = YES;
				DYLIB_COMPATIBILITY_VERSION = 1;
				DYLIB_CURRENT_VERSION = 1;
				DYLIB_INSTALL_NAME_BASE = "@rpath";
				FRAMEWORK_SEARCH_PATHS = (
					"$(inherited)",
					"$(SRCROOT)/.ffi",
				);
				INFOPLIST_FILE = "Derived/InfoPlists/ManagedStore-Info.plist";
				INSTALL_PATH = "$(LOCAL_LIBRARY_DIR)/Frameworks";
				IPHONEOS_DEPLOYMENT_TARGET = 18.0;
				LD_RUNPATH_SEARCH_PATHS = (
					"$(inherited)",
					"@executable_path/Frameworks",
					"@loader_path/Frameworks",
				);
				OTHER_LDFLAGS = (
					"$(inherited)",
					"-L$(DT_TOOLCHAIN_DIR)/usr/lib/swift/$(PLATFORM_NAME)",
				);
				PRODUCT_BUNDLE_IDENTIFIER = com.justin13888.capsule.ManagedStore;
				PRODUCT_NAME = ManagedStore;
				SDKROOT = iphoneos;
				SKIP_INSTALL = YES;
				SUPPORTS_MACCATALYST = NO;
				SUPPORTS_MAC_DESIGNED_FOR_IPHONE_IPAD = NO;
				SUPPORTS_XR_DESIGNED_FOR_IPHONE_IPAD = NO;
				SWIFT_COMPILATION_MODE = wholemodule;
				SWIFT_OPTIMIZATION_LEVEL = "-O";
				SWIFT_STRICT_CONCURRENCY = complete;
				SWIFT_VERSION = 6.0;
				TARGETED_DEVICE_FAMILY = "1,2";
				VERSIONING_SYSTEM = "apple-generic";
				VERSION_INFO_PREFIX = "";
			};
			name = Release;
		};
		A128068E7208720B8380D8EB /* Debug */ = {
			isa = XCBuildConfiguration;
			buildSettings = {
				CODE_SIGN_IDENTITY = "";
				CURRENT_PROJECT_VERSION = 1;
				DEFINES_MODULE = YES;
				DYLIB_COMPATIBILITY_VERSION = 1;
				DYLIB_CURRENT_VERSION = 1;
				DYLIB_INSTALL_NAME_BASE = "@rpath";
				INFOPLIST_FILE = "Derived/InfoPlists/AssetKit-Info.plist";
				INSTALL_PATH = "$(LOCAL_LIBRARY_DIR)/Frameworks";
				IPHONEOS_DEPLOYMENT_TARGET = 18.0;
				LD_RUNPATH_SEARCH_PATHS = (
					"$(inherited)",
					"@executable_path/Frameworks",
					"@loader_path/Frameworks",
				);
				OTHER_LDFLAGS = (
					"$(inherited)",
					"-L$(DT_TOOLCHAIN_DIR)/usr/lib/swift/$(PLATFORM_NAME)",
				);
				PRODUCT_BUNDLE_IDENTIFIER = com.justin13888.capsule.AssetKit;
				PRODUCT_NAME = AssetKit;
				SDKROOT = iphoneos;
				SKIP_INSTALL = YES;
				SUPPORTS_MACCATALYST = NO;
				SUPPORTS_MAC_DESIGNED_FOR_IPHONE_IPAD = NO;
				SUPPORTS_XR_DESIGNED_FOR_IPHONE_IPAD = NO;
				SWIFT_ACTIVE_COMPILATION_CONDITIONS = (
					"$(inherited)",
					DEBUG,
				);
				SWIFT_COMPILATION_MODE = singlefile;
				SWIFT_OPTIMIZATION_LEVEL = "-Onone";
				SWIFT_STRICT_CONCURRENCY = complete;
				SWIFT_VERSION = 6.0;
				TARGETED_DEVICE_FAMILY = "1,2";
				VERSIONING_SYSTEM = "apple-generic";
				VERSION_INFO_PREFIX = "";
			};
			name = Debug;
		};
		C5D09DF50851D73B18AA74EA /* Release */ = {
			isa = XCBuildConfiguration;
			buildSettings = {
				CODE_SIGN_IDENTITY = "";
				CURRENT_PROJECT_VERSION = 1;
				DEFINES_MODULE = YES;
				DYLIB_COMPATIBILITY_VERSION = 1;
				DYLIB_CURRENT_VERSION = 1;
				DYLIB_INSTALL_NAME_BASE = "@rpath";
				INFOPLIST_FILE = "Derived/InfoPlists/FeatureAlbums-Info.plist";
				INSTALL_PATH = "$(LOCAL_LIBRARY_DIR)/Frameworks";
				IPHONEOS_DEPLOYMENT_TARGET = 18.0;
				LD_RUNPATH_SEARCH_PATHS = (
					"$(inherited)",
					"@executable_path/Frameworks",
					"@loader_path/Frameworks",
				);
				OTHER_LDFLAGS = (
					"$(inherited)",
					"-L$(DT_TOOLCHAIN_DIR)/usr/lib/swift/$(PLATFORM_NAME)",
				);
				PRODUCT_BUNDLE_IDENTIFIER = com.justin13888.capsule.FeatureAlbums;
				PRODUCT_NAME = FeatureAlbums;
				SDKROOT = iphoneos;
				SKIP_INSTALL = YES;
				SUPPORTS_MACCATALYST = NO;
				SUPPORTS_MAC_DESIGNED_FOR_IPHONE_IPAD = NO;
				SUPPORTS_XR_DESIGNED_FOR_IPHONE_IPAD = NO;
				SWIFT_COMPILATION_MODE = wholemodule;
				SWIFT_OPTIMIZATION_LEVEL = "-O";
				SWIFT_STRICT_CONCURRENCY = complete;
				SWIFT_VERSION = 6.0;
				TARGETED_DEVICE_FAMILY = "1,2";
				VERSIONING_SYSTEM = "apple-generic";
				VERSION_INFO_PREFIX = "";
			};
			name = Release;
		};
		C6D631CEE21DBB4BAB8E3FF8 /* Debug */ = {
			isa = XCBuildConfiguration;
			buildSettings = {
				CODE_SIGN_IDENTITY = "";
				CURRENT_PROJECT_VERSION = 1;
				DEFINES_MODULE = YES;
				DYLIB_COMPATIBILITY_VERSION = 1;
				DYLIB_CURRENT_VERSION = 1;
				DYLIB_INSTALL_NAME_BASE = "@rpath";
				INFOPLIST_FILE = "Derived/InfoPlists/FeatureAlbums-Info.plist";
				INSTALL_PATH = "$(LOCAL_LIBRARY_DIR)/Frameworks";
				IPHONEOS_DEPLOYMENT_TARGET = 18.0;
				LD_RUNPATH_SEARCH_PATHS = (
					"$(inherited)",
					"@executable_path/Frameworks",
					"@loader_path/Frameworks",
				);
				OTHER_LDFLAGS = (
					"$(inherited)",
					"-L$(DT_TOOLCHAIN_DIR)/usr/lib/swift/$(PLATFORM_NAME)",
				);
				PRODUCT_BUNDLE_IDENTIFIER = com.justin13888.capsule.FeatureAlbums;
				PRODUCT_NAME = FeatureAlbums;
				SDKROOT = iphoneos;
				SKIP_INSTALL = YES;
				SUPPORTS_MACCATALYST = NO;
				SUPPORTS_MAC_DESIGNED_FOR_IPHONE_IPAD = NO;
				SUPPORTS_XR_DESIGNED_FOR_IPHONE_IPAD = NO;
				SWIFT_ACTIVE_COMPILATION_CONDITIONS = (
					"$(inherited)",
					DEBUG,
				);
				SWIFT_COMPILATION_MODE = singlefile;
				SWIFT_OPTIMIZATION_LEVEL = "-Onone";
				SWIFT_STRICT_CONCURRENCY = complete;
				SWIFT_VERSION = 6.0;
				TARGETED_DEVICE_FAMILY = "1,2";
				VERSIONING_SYSTEM = "apple-generic";
				VERSION_INFO_PREFIX = "";
			};
			name = Debug;
		};
		D12A4E2840929846D2E3C825 /* Release */ = {
			isa = XCBuildConfiguration;
			buildSettings = {
				CODE_SIGN_IDENTITY = "";
				CURRENT_PROJECT_VERSION = 1;
				DEFINES_MODULE = YES;
				DYLIB_COMPATIBILITY_VERSION = 1;
				DYLIB_CURRENT_VERSION = 1;
				DYLIB_INSTALL_NAME_BASE = "@rpath";
				INFOPLIST_FILE = "Derived/InfoPlists/FeatureTimeline-Info.plist";
				INSTALL_PATH = "$(LOCAL_LIBRARY_DIR)/Frameworks";
				IPHONEOS_DEPLOYMENT_TARGET = 18.0;
				LD_RUNPATH_SEARCH_PATHS = (
					"$(inherited)",
					"@executable_path/Frameworks",
					"@loader_path/Frameworks",
				);
				OTHER_LDFLAGS = (
					"$(inherited)",
					"-L$(DT_TOOLCHAIN_DIR)/usr/lib/swift/$(PLATFORM_NAME)",
				);
				PRODUCT_BUNDLE_IDENTIFIER = com.justin13888.capsule.FeatureTimeline;
				PRODUCT_NAME = FeatureTimeline;
				SDKROOT = iphoneos;
				SKIP_INSTALL = YES;
				SUPPORTS_MACCATALYST = NO;
				SUPPORTS_MAC_DESIGNED_FOR_IPHONE_IPAD = NO;
				SUPPORTS_XR_DESIGNED_FOR_IPHONE_IPAD = NO;
				SWIFT_COMPILATION_MODE = wholemodule;
				SWIFT_OPTIMIZATION_LEVEL = "-O";
				SWIFT_STRICT_CONCURRENCY = complete;
				SWIFT_VERSION = 6.0;
				TARGETED_DEVICE_FAMILY = "1,2";
				VERSIONING_SYSTEM = "apple-generic";
				VERSION_INFO_PREFIX = "";
			};
			name = Release;
		};
		D5CA09F824A359B84C75AFD9 /* Release */ = {
			isa = XCBuildConfiguration;
			buildSettings = {
				ALWAYS_SEARCH_USER_PATHS = NO;
				CLANG_ANALYZER_LOCALIZABILITY_NONLOCALIZED = YES;
				CLANG_ANALYZER_NONNULL = YES;
				CLANG_ANALYZER_NUMBER_OBJECT_CONVERSION = YES_AGGRESSIVE;
				CLANG_CXX_LANGUAGE_STANDARD = "gnu++14";
				CLANG_CXX_LIBRARY = "libc++";
				CLANG_ENABLE_MODULES = YES;
				CLANG_ENABLE_OBJC_ARC = YES;
				CLANG_ENABLE_OBJC_WEAK = YES;
				CLANG_WARN_BLOCK_CAPTURE_AUTORELEASING = YES;
				CLANG_WARN_BOOL_CONVERSION = YES;
				CLANG_WARN_COMMA = YES;
				CLANG_WARN_CONSTANT_CONVERSION = YES;
				CLANG_WARN_DEPRECATED_OBJC_IMPLEMENTATIONS = YES;
				CLANG_WARN_DIRECT_OBJC_ISA_USAGE = YES_ERROR;
				CLANG_WARN_DOCUMENTATION_COMMENTS = YES;
				CLANG_WARN_EMPTY_BODY = YES;
				CLANG_WARN_ENUM_CONVERSION = YES;
				CLANG_WARN_INFINITE_RECURSION = YES;
				CLANG_WARN_INT_CONVERSION = YES;
				CLANG_WARN_NON_LITERAL_NULL_CONVERSION = YES;
				CLANG_WARN_OBJC_IMPLICIT_RETAIN_SELF = YES;
				CLANG_WARN_OBJC_LITERAL_CONVERSION = YES;
				CLANG_WARN_OBJC_ROOT_CLASS = YES_ERROR;
				CLANG_WARN_QUOTED_INCLUDE_IN_FRAMEWORK_HEADER = YES;
				CLANG_WARN_RANGE_LOOP_ANALYSIS = YES;
				CLANG_WARN_STRICT_PROTOTYPES = YES;
				CLANG_WARN_SUSPICIOUS_MOVE = YES;
				CLANG_WARN_UNGUARDED_AVAILABILITY = YES_AGGRESSIVE;
				CLANG_WARN_UNREACHABLE_CODE = YES;
				CLANG_WARN__DUPLICATE_METHOD_MATCH = YES;
				COPY_PHASE_STRIP = NO;
				DEAD_CODE_STRIPPING = YES;
				DEBUG_INFORMATION_FORMAT = "dwarf-with-dsym";
				ENABLE_NS_ASSERTIONS = NO;
				ENABLE_STRICT_OBJC_MSGSEND = YES;
				GCC_C_LANGUAGE_STANDARD = gnu11;
				GCC_NO_COMMON_BLOCKS = YES;
				GCC_WARN_64_TO_32_BIT_CONVERSION = YES;
				GCC_WARN_ABOUT_RETURN_TYPE = YES_ERROR;
				GCC_WARN_UNDECLARED_SELECTOR = YES;
				GCC_WARN_UNINITIALIZED_AUTOS = YES_AGGRESSIVE;
				GCC_WARN_UNUSED_FUNCTION = YES;
				GCC_WARN_UNUSED_VARIABLE = YES;
				MTL_ENABLE_DEBUG_INFO = NO;
				PRODUCT_NAME = "$(TARGET_NAME)";
				VALIDATE_PRODUCT = YES;
			};
			name = Release;
		};
		E41A608ECF600A49FC767E28 /* Release */ = {
			isa = XCBuildConfiguration;
			buildSettings = {
				CODE_SIGN_IDENTITY = "";
				CURRENT_PROJECT_VERSION = 1;
				DEFINES_MODULE = YES;
				DYLIB_COMPATIBILITY_VERSION = 1;
				DYLIB_CURRENT_VERSION = 1;
				DYLIB_INSTALL_NAME_BASE = "@rpath";
				INFOPLIST_FILE = "Derived/InfoPlists/CapsuleUI-Info.plist";
				INSTALL_PATH = "$(LOCAL_LIBRARY_DIR)/Frameworks";
				IPHONEOS_DEPLOYMENT_TARGET = 18.0;
				LD_RUNPATH_SEARCH_PATHS = (
					"$(inherited)",
					"@executable_path/Frameworks",
					"@loader_path/Frameworks",
				);
				OTHER_LDFLAGS = (
					"$(inherited)",
					"-L$(DT_TOOLCHAIN_DIR)/usr/lib/swift/$(PLATFORM_NAME)",
				);
				PRODUCT_BUNDLE_IDENTIFIER = com.justin13888.capsule.CapsuleUI;
				PRODUCT_NAME = CapsuleUI;
				SDKROOT = iphoneos;
				SKIP_INSTALL = YES;
				SUPPORTS_MACCATALYST = NO;
				SUPPORTS_MAC_DESIGNED_FOR_IPHONE_IPAD = NO;
				SUPPORTS_XR_DESIGNED_FOR_IPHONE_IPAD = NO;
				SWIFT_COMPILATION_MODE = wholemodule;
				SWIFT_OPTIMIZATION_LEVEL = "-O";
				SWIFT_STRICT_CONCURRENCY = complete;
				SWIFT_VERSION = 6.0;
				TARGETED_DEVICE_FAMILY = "1,2";
				VERSIONING_SYSTEM = "apple-generic";
				VERSION_INFO_PREFIX = "";
			};
			name = Release;
		};
		E61A29860B352E4B2B5F9624 /* Release */ = {
			isa = XCBuildConfiguration;
			buildSettings = {
				CODE_SIGN_IDENTITY = "";
				CURRENT_PROJECT_VERSION = 1;
				DEFINES_MODULE = YES;
				DYLIB_COMPATIBILITY_VERSION = 1;
				DYLIB_CURRENT_VERSION = 1;
				DYLIB_INSTALL_NAME_BASE = "@rpath";
				INFOPLIST_FILE = "Derived/InfoPlists/AssetKit-Info.plist";
				INSTALL_PATH = "$(LOCAL_LIBRARY_DIR)/Frameworks";
				IPHONEOS_DEPLOYMENT_TARGET = 18.0;
				LD_RUNPATH_SEARCH_PATHS = (
					"$(inherited)",
					"@executable_path/Frameworks",
					"@loader_path/Frameworks",
				);
				OTHER_LDFLAGS = (
					"$(inherited)",
					"-L$(DT_TOOLCHAIN_DIR)/usr/lib/swift/$(PLATFORM_NAME)",
				);
				PRODUCT_BUNDLE_IDENTIFIER = com.justin13888.capsule.AssetKit;
				PRODUCT_NAME = AssetKit;
				SDKROOT = iphoneos;
				SKIP_INSTALL = YES;
				SUPPORTS_MACCATALYST = NO;
				SUPPORTS_MAC_DESIGNED_FOR_IPHONE_IPAD = NO;
				SUPPORTS_XR_DESIGNED_FOR_IPHONE_IPAD = NO;
				SWIFT_COMPILATION_MODE = wholemodule;
				SWIFT_OPTIMIZATION_LEVEL = "-O";
				SWIFT_STRICT_CONCURRENCY = complete;
				SWIFT_VERSION = 6.0;
				TARGETED_DEVICE_FAMILY = "1,2";
				VERSIONING_SYSTEM = "apple-generic";
				VERSION_INFO_PREFIX = "";
			};
			name = Release;
		};
		E6F8B59FC72D9EAB141B693D /* Debug */ = {
			isa = XCBuildConfiguration;
			buildSettings = {
				CODE_SIGN_IDENTITY = "";
				CURRENT_PROJECT_VERSION = 1;
				DEFINES_MODULE = YES;
				DYLIB_COMPATIBILITY_VERSION = 1;
				DYLIB_CURRENT_VERSION = 1;
				DYLIB_INSTALL_NAME_BASE = "@rpath";
				INFOPLIST_FILE = "Derived/InfoPlists/FeatureTimeline-Info.plist";
				INSTALL_PATH = "$(LOCAL_LIBRARY_DIR)/Frameworks";
				IPHONEOS_DEPLOYMENT_TARGET = 18.0;
				LD_RUNPATH_SEARCH_PATHS = (
					"$(inherited)",
					"@executable_path/Frameworks",
					"@loader_path/Frameworks",
				);
				OTHER_LDFLAGS = (
					"$(inherited)",
					"-L$(DT_TOOLCHAIN_DIR)/usr/lib/swift/$(PLATFORM_NAME)",
				);
				PRODUCT_BUNDLE_IDENTIFIER = com.justin13888.capsule.FeatureTimeline;
				PRODUCT_NAME = FeatureTimeline;
				SDKROOT = iphoneos;
				SKIP_INSTALL = YES;
				SUPPORTS_MACCATALYST = NO;
				SUPPORTS_MAC_DESIGNED_FOR_IPHONE_IPAD = NO;
				SUPPORTS_XR_DESIGNED_FOR_IPHONE_IPAD = NO;
				SWIFT_ACTIVE_COMPILATION_CONDITIONS = (
					"$(inherited)",
					DEBUG,
				);
				SWIFT_COMPILATION_MODE = singlefile;
				SWIFT_OPTIMIZATION_LEVEL = "-Onone";
				SWIFT_STRICT_CONCURRENCY = complete;
				SWIFT_VERSION = 6.0;
				TARGETED_DEVICE_FAMILY = "1,2";
				VERSIONING_SYSTEM = "apple-generic";
				VERSION_INFO_PREFIX = "";
			};
			name = Debug;
		};
/* End XCBuildConfiguration section */

/* Begin XCConfigurationList section */
		3B49F8D8896C00468C2B7178 /* Build configuration list for PBXNativeTarget "CapsuleCatalog" */ = {
			isa = XCConfigurationList;
			buildConfigurations = (
				106AC98F6BF7EDDE9014A2BA /* Debug */,
				0376C36614A9FD90CCB58A74 /* Release */,
			);
			defaultConfigurationIsVisible = 0;
			defaultConfigurationName = Release;
		};
		486004F1EEA414831A472042 /* Build configuration list for PBXNativeTarget "CapsuleUI" */ = {
			isa = XCConfigurationList;
			buildConfigurations = (
				20DDCE0C47C15F4A3F627D80 /* Debug */,
				E41A608ECF600A49FC767E28 /* Release */,
			);
			defaultConfigurationIsVisible = 0;
			defaultConfigurationName = Release;
		};
		4CFE1F2A74EA0BA47700131C /* Build configuration list for PBXNativeTarget "ManagedStore" */ = {
			isa = XCConfigurationList;
			buildConfigurations = (
				26E56572436A579EF594A8BE /* Debug */,
				8312C579C10E4CF50DFC5C42 /* Release */,
			);
			defaultConfigurationIsVisible = 0;
			defaultConfigurationName = Release;
		};
		5DC215F2B1439D6B067CE263 /* Build configuration list for PBXProject "Capsule" */ = {
			isa = XCConfigurationList;
			buildConfigurations = (
				5B7B056BA6A71CE4195EE182 /* Debug */,
				D5CA09F824A359B84C75AFD9 /* Release */,
			);
			defaultConfigurationIsVisible = 0;
			defaultConfigurationName = Release;
		};
		6A059854664DC26AC464E28E /* Build configuration list for PBXNativeTarget "FeatureSearch" */ = {
			isa = XCConfigurationList;
			buildConfigurations = (
				6484D168A9CFB9D9C6BBC907 /* Debug */,
				5B5D7EC727956246FEAA2E8A /* Release */,
			);
			defaultConfigurationIsVisible = 0;
			defaultConfigurationName = Release;
		};
		6E2737F347FFE96BE7E94FA5 /* Build configuration list for PBXNativeTarget "FeatureViewer" */ = {
			isa = XCConfigurationList;
			buildConfigurations = (
				4F60FE519192654B73F90A52 /* Debug */,
				8301B19A316FC3F594E66750 /* Release */,
			);
			defaultConfigurationIsVisible = 0;
			defaultConfigurationName = Release;
		};
		893681D481F627C083F3DB9D /* Build configuration list for PBXNativeTarget "Capsule" */ = {
			isa = XCConfigurationList;
			buildConfigurations = (
				055352FB0BB5B80B582D0E71 /* Debug */,
				1F5E9C995C3D7266BF099985 /* Release */,
			);
			defaultConfigurationIsVisible = 0;
			defaultConfigurationName = Release;
		};
		A252B63C138BB32E4704DC54 /* Build configuration list for PBXNativeTarget "FeatureTimeline" */ = {
			isa = XCConfigurationList;
			buildConfigurations = (
				E6F8B59FC72D9EAB141B693D /* Debug */,
				D12A4E2840929846D2E3C825 /* Release */,
			);
			defaultConfigurationIsVisible = 0;
			defaultConfigurationName = Release;
		};
		D89C888E7F63F3DF51E55E97 /* Build configuration list for PBXNativeTarget "FeatureAlbums" */ = {
			isa = XCConfigurationList;
			buildConfigurations = (
				C6D631CEE21DBB4BAB8E3FF8 /* Debug */,
				C5D09DF50851D73B18AA74EA /* Release */,
			);
			defaultConfigurationIsVisible = 0;
			defaultConfigurationName = Release;
		};
		DBFB2CF9855BF3C236FD183D /* Build configuration list for PBXNativeTarget "CapsuleFoundation" */ = {
			isa = XCConfigurationList;
			buildConfigurations = (
				45463406353071F23B257B9B /* Debug */,
				36DB3D0D646E66DF0ED656B0 /* Release */,
			);
			defaultConfigurationIsVisible = 0;
			defaultConfigurationName = Release;
		};
		E62E704E6D68053701B2EBF4 /* Build configuration list for PBXNativeTarget "AssetKit" */ = {
			isa = XCConfigurationList;
			buildConfigurations = (
				A128068E7208720B8380D8EB /* Debug */,
				E61A29860B352E4B2B5F9624 /* Release */,
			);
			defaultConfigurationIsVisible = 0;
			defaultConfigurationName = Release;
		};
		F1BDD98429AC7A2132FD3B24 /* Build configuration list for PBXNativeTarget "ImagePipeline" */ = {
			isa = XCConfigurationList;
			buildConfigurations = (
				2576289EFA69BF7B728EBDA9 /* Debug */,
				388F7EA0B672FDEB0B735089 /* Release */,
			);
			defaultConfigurationIsVisible = 0;
			defaultConfigurationName = Release;
		};
/* End XCConfigurationList section */
	};
	rootObject = 3913FA0CE2E8D9AFA6785DDF /* Project object */;
}
